// !$*UTF8*$!
{
	archiveVersion = 1;
	classes = {
	};
	objectVersion = 46;
	objects = {

/* Begin PBXBuildFile section */
		3595CEE84E209C9E9A9A34C0 /* libPods.a in Frameworks */ = {isa = PBXBuildFile; fileRef = 0925851C3756862A4A844B01 /* libPods.a */; };
		AB708F8B1D0543BE007D0B4D /* main.m in Sources */ = {isa = PBXBuildFile; fileRef = AB708F8A1D0543BE007D0B4D /* main.m */; };
		AB708F8E1D0543BE007D0B4D /* AppDelegate.m in Sources */ = {isa = PBXBuildFile; fileRef = AB708F8D1D0543BE007D0B4D /* AppDelegate.m */; };
		AB708F911D0543BE007D0B4D /* ViewController.m in Sources */ = {isa = PBXBuildFile; fileRef = AB708F901D0543BE007D0B4D /* ViewController.m */; };
		AB708F941D0543BE007D0B4D /* Main.storyboard in Resources */ = {isa = PBXBuildFile; fileRef = AB708F921D0543BE007D0B4D /* Main.storyboard */; };
		AB708F961D0543BE007D0B4D /* Assets.xcassets in Resources */ = {isa = PBXBuildFile; fileRef = AB708F951D0543BE007D0B4D /* Assets.xcassets */; };
		AB708F991D0543BE007D0B4D /* LaunchScreen.storyboard in Resources */ = {isa = PBXBuildFile; fileRef = AB708F971D0543BE007D0B4D /* LaunchScreen.storyboard */; };
		AB708FA41D0543BE007D0B4D /* FUYIFinanceTests.m in Sources */ = {isa = PBXBuildFile; fileRef = AB708FA31D0543BE007D0B4D /* FUYIFinanceTests.m */; };
		AB708FAF1D0543BE007D0B4D /* FUYIFinanceUITests.m in Sources */ = {isa = PBXBuildFile; fileRef = AB708FAE1D0543BE007D0B4D /* FUYIFinanceUITests.m */; };
		ABF5DE4A1D0FA58E007CE1AB /* HomeTabbars.json in Resources */ = {isa = PBXBuildFile; fileRef = ABF5DE491D0FA58E007CE1AB /* HomeTabbars.json */; };
		ABF5DE4C1D0FA7B9007CE1AB /* HomePage.storyboard in Resources */ = {isa = PBXBuildFile; fileRef = ABF5DE4B1D0FA7B9007CE1AB /* HomePage.storyboard */; };
		ABF5DE4E1D0FA7EB007CE1AB /* CustomerService.storyboard in Resources */ = {isa = PBXBuildFile; fileRef = ABF5DE4D1D0FA7EB007CE1AB /* CustomerService.storyboard */; };
		ABF5DE501D0FA7FC007CE1AB /* ShopCar.storyboard in Resources */ = {isa = PBXBuildFile; fileRef = ABF5DE4F1D0FA7FC007CE1AB /* ShopCar.storyboard */; };
		ABF5DE521D0FA803007CE1AB /* Mine.storyboard in Resources */ = {isa = PBXBuildFile; fileRef = ABF5DE511D0FA803007CE1AB /* Mine.storyboard */; };
		ABF5DE571D0FD930007CE1AB /* HomeTabbarViewController.m in Sources */ = {isa = PBXBuildFile; fileRef = ABF5DE561D0FD930007CE1AB /* HomeTabbarViewController.m */; };
/* End PBXBuildFile section */

/* Begin PBXContainerItemProxy section */
		AB708FA01D0543BE007D0B4D /* PBXContainerItemProxy */ = {
			isa = PBXContainerItemProxy;
			containerPortal = AB708F7E1D0543BE007D0B4D /* Project object */;
			proxyType = 1;
			remoteGlobalIDString = AB708F851D0543BE007D0B4D;
			remoteInfo = FUYIFinance;
		};
		AB708FAB1D0543BE007D0B4D /* PBXContainerItemProxy */ = {
			isa = PBXContainerItemProxy;
			containerPortal = AB708F7E1D0543BE007D0B4D /* Project object */;
			proxyType = 1;
			remoteGlobalIDString = AB708F851D0543BE007D0B4D;
			remoteInfo = FUYIFinance;
		};
/* End PBXContainerItemProxy section */

/* Begin PBXFileReference section */
		0925851C3756862A4A844B01 /* libPods.a */ = {isa = PBXFileReference; explicitFileType = archive.ar; includeInIndex = 0; path = libPods.a; sourceTree = BUILT_PRODUCTS_DIR; };
		AB708F861D0543BE007D0B4D /* FUYIFinance.app */ = {isa = PBXFileReference; explicitFileType = wrapper.application; includeInIndex = 0; path = FUYIFinance.app; sourceTree = BUILT_PRODUCTS_DIR; };
		AB708F8A1D0543BE007D0B4D /* main.m */ = {isa = PBXFileReference; lastKnownFileType = sourcecode.c.objc; path = main.m; sourceTree = "<group>"; };
		AB708F8C1D0543BE007D0B4D /* AppDelegate.h */ = {isa = PBXFileReference; lastKnownFileType = sourcecode.c.h; name = AppDelegate.h; path = FUYIFinance/AppDelegate.h; sourceTree = SOURCE_ROOT; };
		AB708F8D1D0543BE007D0B4D /* AppDelegate.m */ = {isa = PBXFileReference; lastKnownFileType = sourcecode.c.objc; name = AppDelegate.m; path = FUYIFinance/AppDelegate.m; sourceTree = SOURCE_ROOT; };
		AB708F8F1D0543BE007D0B4D /* ViewController.h */ = {isa = PBXFileReference; lastKnownFileType = sourcecode.c.h; path = ViewController.h; sourceTree = "<group>"; };
		AB708F901D0543BE007D0B4D /* ViewController.m */ = {isa = PBXFileReference; lastKnownFileType = sourcecode.c.objc; path = ViewController.m; sourceTree = "<group>"; };
		AB708F931D0543BE007D0B4D /* Base */ = {isa = PBXFileReference; lastKnownFileType = file.storyboard; name = Base; path = Base.lproj/Main.storyboard; sourceTree = "<group>"; };
		AB708F951D0543BE007D0B4D /* Assets.xcassets */ = {isa = PBXFileReference; lastKnownFileType = folder.assetcatalog; path = Assets.xcassets; sourceTree = "<group>"; };
		AB708F981D0543BE007D0B4D /* Base */ = {isa = PBXFileReference; lastKnownFileType = file.storyboard; name = Base; path = Base.lproj/LaunchScreen.storyboard; sourceTree = "<group>"; };
		AB708F9A1D0543BE007D0B4D /* Info.plist */ = {isa = PBXFileReference; lastKnownFileType = text.plist.xml; path = Info.plist; sourceTree = "<group>"; };
		AB708F9F1D0543BE007D0B4D /* FUYIFinanceTests.xctest */ = {isa = PBXFileReference; explicitFileType = wrapper.cfbundle; includeInIndex = 0; path = FUYIFinanceTests.xctest; sourceTree = BUILT_PRODUCTS_DIR; };
		AB708FA31D0543BE007D0B4D /* FUYIFinanceTests.m */ = {isa = PBXFileReference; lastKnownFileType = sourcecode.c.objc; path = FUYIFinanceTests.m; sourceTree = "<group>"; };
		AB708FA51D0543BE007D0B4D /* Info.plist */ = {isa = PBXFileReference; lastKnownFileType = text.plist.xml; path = Info.plist; sourceTree = "<group>"; };
		AB708FAA1D0543BE007D0B4D /* FUYIFinanceUITests.xctest */ = {isa = PBXFileReference; explicitFileType = wrapper.cfbundle; includeInIndex = 0; path = FUYIFinanceUITests.xctest; sourceTree = BUILT_PRODUCTS_DIR; };
		AB708FAE1D0543BE007D0B4D /* FUYIFinanceUITests.m */ = {isa = PBXFileReference; lastKnownFileType = sourcecode.c.objc; path = FUYIFinanceUITests.m; sourceTree = "<group>"; };
		AB708FB01D0543BE007D0B4D /* Info.plist */ = {isa = PBXFileReference; lastKnownFileType = text.plist.xml; path = Info.plist; sourceTree = "<group>"; };
		ABF5DE491D0FA58E007CE1AB /* HomeTabbars.json */ = {isa = PBXFileReference; fileEncoding = 4; lastKnownFileType = text.json; path = HomeTabbars.json; sourceTree = "<group>"; };
		ABF5DE4B1D0FA7B9007CE1AB /* HomePage.storyboard */ = {isa = PBXFileReference; fileEncoding = 4; lastKnownFileType = file.storyboard; path = HomePage.storyboard; sourceTree = "<group>"; };
		ABF5DE4D1D0FA7EB007CE1AB /* CustomerService.storyboard */ = {isa = PBXFileReference; fileEncoding = 4; lastKnownFileType = file.storyboard; path = CustomerService.storyboard; sourceTree = "<group>"; };
		ABF5DE4F1D0FA7FC007CE1AB /* ShopCar.storyboard */ = {isa = PBXFileReference; fileEncoding = 4; lastKnownFileType = file.storyboard; path = ShopCar.storyboard; sourceTree = "<group>"; };
		ABF5DE511D0FA803007CE1AB /* Mine.storyboard */ = {isa = PBXFileReference; fileEncoding = 4; lastKnownFileType = file.storyboard; path = Mine.storyboard; sourceTree = "<group>"; };
		ABF5DE551D0FD930007CE1AB /* HomeTabbarViewController.h */ = {isa = PBXFileReference; fileEncoding = 4; lastKnownFileType = sourcecode.c.h; path = HomeTabbarViewController.h; sourceTree = "<group>"; };
		ABF5DE561D0FD930007CE1AB /* HomeTabbarViewController.m */ = {isa = PBXFileReference; fileEncoding = 4; lastKnownFileType = sourcecode.c.objc; path = HomeTabbarViewController.m; sourceTree = "<group>"; };
		E2D217BF4D0AE0F6C9591577 /* Pods.release.xcconfig */ = {isa = PBXFileReference; includeInIndex = 1; lastKnownFileType = text.xcconfig; name = Pods.release.xcconfig; path = "Pods/Target Support Files/Pods/Pods.release.xcconfig"; sourceTree = "<group>"; };
		FB5E00328843A9E289111723 /* Pods.debug.xcconfig */ = {isa = PBXFileReference; includeInIndex = 1; lastKnownFileType = text.xcconfig; name = Pods.debug.xcconfig; path = "Pods/Target Support Files/Pods/Pods.debug.xcconfig"; sourceTree = "<group>"; };
/* End PBXFileReference section */

/* Begin PBXFrameworksBuildPhase section */
		AB708F831D0543BE007D0B4D /* Frameworks */ = {
			isa = PBXFrameworksBuildPhase;
			buildActionMask = 2147483647;
			files = (
				3595CEE84E209C9E9A9A34C0 /* libPods.a in Frameworks */,
			);
			runOnlyForDeploymentPostprocessing = 0;
		};
		AB708F9C1D0543BE007D0B4D /* Frameworks */ = {
			isa = PBXFrameworksBuildPhase;
			buildActionMask = 2147483647;
			files = (
			);
			runOnlyForDeploymentPostprocessing = 0;
		};
		AB708FA71D0543BE007D0B4D /* Frameworks */ = {
			isa = PBXFrameworksBuildPhase;
			buildActionMask = 2147483647;
			files = (
			);
			runOnlyForDeploymentPostprocessing = 0;
		};
/* End PBXFrameworksBuildPhase section */

/* Begin PBXGroup section */
		057C5D8A0E6308E6EB525BAB /* Pods */ = {
			isa = PBXGroup;
			children = (
				FB5E00328843A9E289111723 /* Pods.debug.xcconfig */,
				E2D217BF4D0AE0F6C9591577 /* Pods.release.xcconfig */,
			);
			name = Pods;
			sourceTree = "<group>";
		};
		0785EFAD9D8BC2ECCBC0C903 /* Frameworks */ = {
			isa = PBXGroup;
			children = (
				0925851C3756862A4A844B01 /* libPods.a */,
			);
			name = Frameworks;
			sourceTree = "<group>";
		};
		AB708F7D1D0543BE007D0B4D = {
			isa = PBXGroup;
			children = (
				AB708F881D0543BE007D0B4D /* FUYIFinance */,
				AB708FA21D0543BE007D0B4D /* FUYIFinanceTests */,
				AB708FAD1D0543BE007D0B4D /* FUYIFinanceUITests */,
				AB708F871D0543BE007D0B4D /* Products */,
				057C5D8A0E6308E6EB525BAB /* Pods */,
				0785EFAD9D8BC2ECCBC0C903 /* Frameworks */,
			);
			sourceTree = "<group>";
		};
		AB708F871D0543BE007D0B4D /* Products */ = {
			isa = PBXGroup;
			children = (
				AB708F861D0543BE007D0B4D /* FUYIFinance.app */,
				AB708F9F1D0543BE007D0B4D /* FUYIFinanceTests.xctest */,
				AB708FAA1D0543BE007D0B4D /* FUYIFinanceUITests.xctest */,
			);
			name = Products;
			sourceTree = "<group>";
		};
		AB708F881D0543BE007D0B4D /* FUYIFinance */ = {
			isa = PBXGroup;
			children = (
				ABF5DE331D0FA4B1007CE1AB /* AppDelegate */,
				ABF5DE341D0FA4B1007CE1AB /* Controllers */,
				ABF5DE391D0FA4B1007CE1AB /* Models */,
				ABF5DE3E1D0FA4B1007CE1AB /* Plist */,
				ABF5DE3F1D0FA4B1007CE1AB /* Resource */,
				ABF5DE401D0FA4B1007CE1AB /* Util */,
				ABF5DE411D0FA4B1007CE1AB /* Vendor */,
				ABF5DE421D0FA4B1007CE1AB /* Views */,
				AB708F8F1D0543BE007D0B4D /* ViewController.h */,
				AB708F901D0543BE007D0B4D /* ViewController.m */,
				AB708F951D0543BE007D0B4D /* Assets.xcassets */,
				AB708F9A1D0543BE007D0B4D /* Info.plist */,
				AB708F891D0543BE007D0B4D /* Supporting Files */,
			);
			path = FUYIFinance;
			sourceTree = "<group>";
		};
		AB708F891D0543BE007D0B4D /* Supporting Files */ = {
			isa = PBXGroup;
			children = (
				AB708F8A1D0543BE007D0B4D /* main.m */,
			);
			name = "Supporting Files";
			sourceTree = "<group>";
		};
		AB708FA21D0543BE007D0B4D /* FUYIFinanceTests */ = {
			isa = PBXGroup;
			children = (
				AB708FA31D0543BE007D0B4D /* FUYIFinanceTests.m */,
				AB708FA51D0543BE007D0B4D /* Info.plist */,
			);
			path = FUYIFinanceTests;
			sourceTree = "<group>";
		};
		AB708FAD1D0543BE007D0B4D /* FUYIFinanceUITests */ = {
			isa = PBXGroup;
			children = (
				AB708FAE1D0543BE007D0B4D /* FUYIFinanceUITests.m */,
				AB708FB01D0543BE007D0B4D /* Info.plist */,
			);
			path = FUYIFinanceUITests;
			sourceTree = "<group>";
		};
		ABF5DE331D0FA4B1007CE1AB /* AppDelegate */ = {
			isa = PBXGroup;
			children = (
				AB708F8C1D0543BE007D0B4D /* AppDelegate.h */,
				AB708F8D1D0543BE007D0B4D /* AppDelegate.m */,
			);
			path = AppDelegate;
			sourceTree = "<group>";
		};
		ABF5DE341D0FA4B1007CE1AB /* Controllers */ = {
			isa = PBXGroup;
			children = (
				ABF5DE541D0FAFBE007CE1AB /* HomeTabbarController */,
				ABF5DE351D0FA4B1007CE1AB /* CustomerService */,
				ABF5DE361D0FA4B1007CE1AB /* HomePage */,
				ABF5DE371D0FA4B1007CE1AB /* Mine */,
				ABF5DE381D0FA4B1007CE1AB /* ShopCar */,
			);
			path = Controllers;
			sourceTree = "<group>";
		};
		ABF5DE351D0FA4B1007CE1AB /* CustomerService */ = {
			isa = PBXGroup;
			children = (
			);
			path = CustomerService;
			sourceTree = "<group>";
		};
		ABF5DE361D0FA4B1007CE1AB /* HomePage */ = {
			isa = PBXGroup;
			children = (
			);
			path = HomePage;
			sourceTree = "<group>";
		};
		ABF5DE371D0FA4B1007CE1AB /* Mine */ = {
			isa = PBXGroup;
			children = (
			);
			path = Mine;
			sourceTree = "<group>";
		};
		ABF5DE381D0FA4B1007CE1AB /* ShopCar */ = {
			isa = PBXGroup;
			children = (
			);
			path = ShopCar;
			sourceTree = "<group>";
		};
		ABF5DE391D0FA4B1007CE1AB /* Models */ = {
			isa = PBXGroup;
			children = (
				ABF5DE3A1D0FA4B1007CE1AB /* CustomerService */,
				ABF5DE3B1D0FA4B1007CE1AB /* HomePage */,
				ABF5DE3C1D0FA4B1007CE1AB /* Mine */,
				ABF5DE3D1D0FA4B1007CE1AB /* ShopCar */,
			);
			path = Models;
			sourceTree = "<group>";
		};
		ABF5DE3A1D0FA4B1007CE1AB /* CustomerService */ = {
			isa = PBXGroup;
			children = (
			);
			path = CustomerService;
			sourceTree = "<group>";
		};
		ABF5DE3B1D0FA4B1007CE1AB /* HomePage */ = {
			isa = PBXGroup;
			children = (
			);
			path = HomePage;
			sourceTree = "<group>";
		};
		ABF5DE3C1D0FA4B1007CE1AB /* Mine */ = {
			isa = PBXGroup;
			children = (
			);
			path = Mine;
			sourceTree = "<group>";
		};
		ABF5DE3D1D0FA4B1007CE1AB /* ShopCar */ = {
			isa = PBXGroup;
			children = (
			);
			path = ShopCar;
			sourceTree = "<group>";
		};
		ABF5DE3E1D0FA4B1007CE1AB /* Plist */ = {
			isa = PBXGroup;
			children = (
			);
			path = Plist;
			sourceTree = "<group>";
		};
		ABF5DE3F1D0FA4B1007CE1AB /* Resource */ = {
			isa = PBXGroup;
			children = (
				ABF5DE471D0FA51D007CE1AB /* Json */,
				ABF5DE481D0FA51D007CE1AB /* StoryBord */,
			);
			path = Resource;
			sourceTree = "<group>";
		};
		ABF5DE401D0FA4B1007CE1AB /* Util */ = {
			isa = PBXGroup;
			children = (
			);
			path = Util;
			sourceTree = "<group>";
		};
		ABF5DE411D0FA4B1007CE1AB /* Vendor */ = {
			isa = PBXGroup;
			children = (
			);
			path = Vendor;
			sourceTree = "<group>";
		};
		ABF5DE421D0FA4B1007CE1AB /* Views */ = {
			isa = PBXGroup;
			children = (
				ABF5DE431D0FA4B1007CE1AB /* CustomerService */,
				ABF5DE441D0FA4B1007CE1AB /* HomePage */,
				ABF5DE451D0FA4B1007CE1AB /* Mine */,
				ABF5DE461D0FA4B1007CE1AB /* ShopCar */,
			);
			path = Views;
			sourceTree = "<group>";
		};
		ABF5DE431D0FA4B1007CE1AB /* CustomerService */ = {
			isa = PBXGroup;
			children = (
			);
			path = CustomerService;
			sourceTree = "<group>";
		};
		ABF5DE441D0FA4B1007CE1AB /* HomePage */ = {
			isa = PBXGroup;
			children = (
			);
			path = HomePage;
			sourceTree = "<group>";
		};
		ABF5DE451D0FA4B1007CE1AB /* Mine */ = {
			isa = PBXGroup;
			children = (
			);
			path = Mine;
			sourceTree = "<group>";
		};
		ABF5DE461D0FA4B1007CE1AB /* ShopCar */ = {
			isa = PBXGroup;
			children = (
			);
			path = ShopCar;
			sourceTree = "<group>";
		};
		ABF5DE471D0FA51D007CE1AB /* Json */ = {
			isa = PBXGroup;
			children = (
				ABF5DE491D0FA58E007CE1AB /* HomeTabbars.json */,
			);
			path = Json;
			sourceTree = "<group>";
		};
		ABF5DE481D0FA51D007CE1AB /* StoryBord */ = {
			isa = PBXGroup;
			children = (
				AB708F921D0543BE007D0B4D /* Main.storyboard */,
				ABF5DE4B1D0FA7B9007CE1AB /* HomePage.storyboard */,
				ABF5DE4D1D0FA7EB007CE1AB /* CustomerService.storyboard */,
				ABF5DE4F1D0FA7FC007CE1AB /* ShopCar.storyboard */,
				ABF5DE511D0FA803007CE1AB /* Mine.storyboard */,
				AB708F971D0543BE007D0B4D /* LaunchScreen.storyboard */,
			);
			path = StoryBord;
			sourceTree = "<group>";
		};
		ABF5DE541D0FAFBE007CE1AB /* HomeTabbarController */ = {
			isa = PBXGroup;
			children = (
				ABF5DE551D0FD930007CE1AB /* HomeTabbarViewController.h */,
				ABF5DE561D0FD930007CE1AB /* HomeTabbarViewController.m */,
			);
			path = HomeTabbarController;
			sourceTree = "<group>";
		};
/* End PBXGroup section */

/* Begin PBXNativeTarget section */
		AB708F851D0543BE007D0B4D /* FUYIFinance */ = {
			isa = PBXNativeTarget;
			buildConfigurationList = AB708FB31D0543BE007D0B4D /* Build configuration list for PBXNativeTarget "FUYIFinance" */;
			buildPhases = (
				F8E1F81CE42301BF48D5B299 /* Check Pods Manifest.lock */,
				AB708F821D0543BE007D0B4D /* Sources */,
				AB708F831D0543BE007D0B4D /* Frameworks */,
				AB708F841D0543BE007D0B4D /* Resources */,
				2D5F3A3F8E85A6B9AA6C1BBD /* Embed Pods Frameworks */,
				84EF5DA7F428315A8499869B /* Copy Pods Resources */,
			);
			buildRules = (
			);
			dependencies = (
			);
			name = FUYIFinance;
			productName = FUYIFinance;
			productReference = AB708F861D0543BE007D0B4D /* FUYIFinance.app */;
			productType = "com.apple.product-type.application";
		};
		AB708F9E1D0543BE007D0B4D /* FUYIFinanceTests */ = {
			isa = PBXNativeTarget;
			buildConfigurationList = AB708FB61D0543BE007D0B4D /* Build configuration list for PBXNativeTarget "FUYIFinanceTests" */;
			buildPhases = (
				AB708F9B1D0543BE007D0B4D /* Sources */,
				AB708F9C1D0543BE007D0B4D /* Frameworks */,
				AB708F9D1D0543BE007D0B4D /* Resources */,
			);
			buildRules = (
			);
			dependencies = (
				AB708FA11D0543BE007D0B4D /* PBXTargetDependency */,
			);
			name = FUYIFinanceTests;
			productName = FUYIFinanceTests;
			productReference = AB708F9F1D0543BE007D0B4D /* FUYIFinanceTests.xctest */;
			productType = "com.apple.product-type.bundle.unit-test";
		};
		AB708FA91D0543BE007D0B4D /* FUYIFinanceUITests */ = {
			isa = PBXNativeTarget;
			buildConfigurationList = AB708FB91D0543BE007D0B4D /* Build configuration list for PBXNativeTarget "FUYIFinanceUITests" */;
			buildPhases = (
				AB708FA61D0543BE007D0B4D /* Sources */,
				AB708FA71D0543BE007D0B4D /* Frameworks */,
				AB708FA81D0543BE007D0B4D /* Resources */,
			);
			buildRules = (
			);
			dependencies = (
				AB708FAC1D0543BE007D0B4D /* PBXTargetDependency */,
			);
			name = FUYIFinanceUITests;
			productName = FUYIFinanceUITests;
			productReference = AB708FAA1D0543BE007D0B4D /* FUYIFinanceUITests.xctest */;
			productType = "com.apple.product-type.bundle.ui-testing";
		};
/* End PBXNativeTarget section */

/* Begin PBXProject section */
		AB708F7E1D0543BE007D0B4D /* Project object */ = {
			isa = PBXProject;
			attributes = {
				LastUpgradeCheck = 0730;
				ORGANIZATIONNAME = youyou;
				TargetAttributes = {
					AB708F851D0543BE007D0B4D = {
						CreatedOnToolsVersion = 7.3;
					};
					AB708F9E1D0543BE007D0B4D = {
						CreatedOnToolsVersion = 7.3;
						TestTargetID = AB708F851D0543BE007D0B4D;
					};
					AB708FA91D0543BE007D0B4D = {
						CreatedOnToolsVersion = 7.3;
						TestTargetID = AB708F851D0543BE007D0B4D;
					};
				};
			};
			buildConfigurationList = AB708F811D0543BE007D0B4D /* Build configuration list for PBXProject "FUYIFinance" */;
			compatibilityVersion = "Xcode 3.2";
			developmentRegion = English;
			hasScannedForEncodings = 0;
			knownRegions = (
				en,
				Base,
			);
			mainGroup = AB708F7D1D0543BE007D0B4D;
			productRefGroup = AB708F871D0543BE007D0B4D /* Products */;
			projectDirPath = "";
			projectRoot = "";
			targets = (
				AB708F851D0543BE007D0B4D /* FUYIFinance */,
				AB708F9E1D0543BE007D0B4D /* FUYIFinanceTests */,
				AB708FA91D0543BE007D0B4D /* FUYIFinanceUITests */,
			);
		};
/* End PBXProject section */

/* Begin PBXResourcesBuildPhase section */
		AB708F841D0543BE007D0B4D /* Resources */ = {
			isa = PBXResourcesBuildPhase;
			buildActionMask = 2147483647;
			files = (
				ABF5DE4E1D0FA7EB007CE1AB /* CustomerService.storyboard in Resources */,
				ABF5DE4C1D0FA7B9007CE1AB /* HomePage.storyboard in Resources */,
				ABF5DE4A1D0FA58E007CE1AB /* HomeTabbars.json in Resources */,
				AB708F991D0543BE007D0B4D /* LaunchScreen.storyboard in Resources */,
				AB708F961D0543BE007D0B4D /* Assets.xcassets in Resources */,
				ABF5DE501D0FA7FC007CE1AB /* ShopCar.storyboard in Resources */,
				AB708F941D0543BE007D0B4D /* Main.storyboard in Resources */,
				ABF5DE521D0FA803007CE1AB /* Mine.storyboard in Resources */,
			);
			runOnlyForDeploymentPostprocessing = 0;
		};
		AB708F9D1D0543BE007D0B4D /* Resources */ = {
			isa = PBXResourcesBuildPhase;
			buildActionMask = 2147483647;
			files = (
			);
			runOnlyForDeploymentPostprocessing = 0;
		};
		AB708FA81D0543BE007D0B4D /* Resources */ = {
			isa = PBXResourcesBuildPhase;
			buildActionMask = 2147483647;
			files = (
			);
			runOnlyForDeploymentPostprocessing = 0;
		};
/* End PBXResourcesBuildPhase section */

/* Begin PBXShellScriptBuildPhase section */
		2D5F3A3F8E85A6B9AA6C1BBD /* Embed Pods Frameworks */ = {
			isa = PBXShellScriptBuildPhase;
			buildActionMask = 2147483647;
			files = (
			);
			inputPaths = (
			);
			name = "Embed Pods Frameworks";
			outputPaths = (
			);
			runOnlyForDeploymentPostprocessing = 0;
			shellPath = /bin/sh;
			shellScript = "\"${SRCROOT}/Pods/Target Support Files/Pods/Pods-frameworks.sh\"\n";
			showEnvVarsInLog = 0;
		};
		84EF5DA7F428315A8499869B /* Copy Pods Resources */ = {
			isa = PBXShellScriptBuildPhase;
			buildActionMask = 2147483647;
			files = (
			);
			inputPaths = (
			);
			name = "Copy Pods Resources";
			outputPaths = (
			);
			runOnlyForDeploymentPostprocessing = 0;
			shellPath = /bin/sh;
			shellScript = "\"${SRCROOT}/Pods/Target Support Files/Pods/Pods-resources.sh\"\n";
			showEnvVarsInLog = 0;
		};
		F8E1F81CE42301BF48D5B299 /* Check Pods Manifest.lock */ = {
			isa = PBXShellScriptBuildPhase;
			buildActionMask = 2147483647;
			files = (
			);
			inputPaths = (
			);
			name = "Check Pods Manifest.lock";
			outputPaths = (
			);
			runOnlyForDeploymentPostprocessing = 0;
			shellPath = /bin/sh;
			shellScript = "diff \"${PODS_ROOT}/../Podfile.lock\" \"${PODS_ROOT}/Manifest.lock\" > /dev/null\nif [[ $? != 0 ]] ; then\n    cat << EOM\nerror: The sandbox is not in sync with the Podfile.lock. Run 'pod install' or update your CocoaPods installation.\nEOM\n    exit 1\nfi\n";
			showEnvVarsInLog = 0;
		};
/* End PBXShellScriptBuildPhase section */

/* Begin PBXSourcesBuildPhase section */
		AB708F821D0543BE007D0B4D /* Sources */ = {
			isa = PBXSourcesBuildPhase;
			buildActionMask = 2147483647;
			files = (
				AB708F911D0543BE007D0B4D /* ViewController.m in Sources */,
				ABF5DE571D0FD930007CE1AB /* HomeTabbarViewController.m in Sources */,
				AB708F8E1D0543BE007D0B4D /* AppDelegate.m in Sources */,
				AB708F8B1D0543BE007D0B4D /* main.m in Sources */,
			);
			runOnlyForDeploymentPostprocessing = 0;
		};
		AB708F9B1D0543BE007D0B4D /* Sources */ = {
			isa = PBXSourcesBuildPhase;
			buildActionMask = 2147483647;
			files = (
				AB708FA41D0543BE007D0B4D /* FUYIFinanceTests.m in Sources */,
			);
			runOnlyForDeploymentPostprocessing = 0;
		};
		AB708FA61D0543BE007D0B4D /* Sources */ = {
			isa = PBXSourcesBuildPhase;
			buildActionMask = 2147483647;
			files = (
				AB708FAF1D0543BE007D0B4D /* FUYIFinanceUITests.m in Sources */,
			);
			runOnlyForDeploymentPostprocessing = 0;
		};
/* End PBXSourcesBuildPhase section */

/* Begin PBXTargetDependency section */
		AB708FA11D0543BE007D0B4D /* PBXTargetDependency */ = {
			isa = PBXTargetDependency;
			target = AB708F851D0543BE007D0B4D /* FUYIFinance */;
			targetProxy = AB708FA01D0543BE007D0B4D /* PBXContainerItemProxy */;
		};
		AB708FAC1D0543BE007D0B4D /* PBXTargetDependency */ = {
			isa = PBXTargetDependency;
			target = AB708F851D0543BE007D0B4D /* FUYIFinance */;
			targetProxy = AB708FAB1D0543BE007D0B4D /* PBXContainerItemProxy */;
		};
/* End PBXTargetDependency section */

/* Begin PBXVariantGroup section */
		AB708F921D0543BE007D0B4D /* Main.storyboard */ = {
			isa = PBXVariantGroup;
			children = (
				AB708F931D0543BE007D0B4D /* Base */,
			);
			name = Main.storyboard;
			path = ../..;
			sourceTree = "<group>";
		};
		AB708F971D0543BE007D0B4D /* LaunchScreen.storyboard */ = {
			isa = PBXVariantGroup;
			children = (
				AB708F981D0543BE007D0B4D /* Base */,
			);
			name = LaunchScreen.storyboard;
			path = ../..;
			sourceTree = "<group>";
		};
/* End PBXVariantGroup section */

/* Begin XCBuildConfiguration section */
		AB708FB11D0543BE007D0B4D /* Debug */ = {
			isa = XCBuildConfiguration;
			buildSettings = {
				ALWAYS_SEARCH_USER_PATHS = NO;
				CLANG_ANALYZER_NONNULL = YES;
				CLANG_CXX_LANGUAGE_STANDARD = "gnu++0x";
				CLANG_CXX_LIBRARY = "libc++";
				CLANG_ENABLE_MODULES = YES;
				CLANG_ENABLE_OBJC_ARC = YES;
				CLANG_WARN_BOOL_CONVERSION = YES;
				CLANG_WARN_CONSTANT_CONVERSION = YES;
				CLANG_WARN_DIRECT_OBJC_ISA_USAGE = YES_ERROR;
				CLANG_WARN_EMPTY_BODY = YES;
				CLANG_WARN_ENUM_CONVERSION = YES;
				CLANG_WARN_INT_CONVERSION = YES;
				CLANG_WARN_OBJC_ROOT_CLASS = YES_ERROR;
				CLANG_WARN_UNREACHABLE_CODE = YES;
				CLANG_WARN__DUPLICATE_METHOD_MATCH = YES;
				"CODE_SIGN_IDENTITY[sdk=iphoneos*]" = "iPhone Developer";
				COPY_PHASE_STRIP = NO;
				DEBUG_INFORMATION_FORMAT = dwarf;
				ENABLE_STRICT_OBJC_MSGSEND = YES;
				ENABLE_TESTABILITY = YES;
				GCC_C_LANGUAGE_STANDARD = gnu99;
				GCC_DYNAMIC_NO_PIC = NO;
				GCC_NO_COMMON_BLOCKS = YES;
				GCC_OPTIMIZATION_LEVEL = 0;
				GCC_PREPROCESSOR_DEFINITIONS = (
					"DEBUG=1",
					"$(inherited)",
				);
				GCC_WARN_64_TO_32_BIT_CONVERSION = YES;
				GCC_WARN_ABOUT_RETURN_TYPE = YES_ERROR;
				GCC_WARN_UNDECLARED_SELECTOR = YES;
				GCC_WARN_UNINITIALIZED_AUTOS = YES_AGGRESSIVE;
				GCC_WARN_UNUSED_FUNCTION = YES;
				GCC_WARN_UNUSED_VARIABLE = YES;
				IPHONEOS_DEPLOYMENT_TARGET = 9.3;
				MTL_ENABLE_DEBUG_INFO = YES;
				ONLY_ACTIVE_ARCH = YES;
				SDKROOT = iphoneos;
				TARGETED_DEVICE_FAMILY = "1,2";
			};
			name = Debug;
		};
		AB708FB21D0543BE007D0B4D /* Release */ = {
			isa = XCBuildConfiguration;
			buildSettings = {
				ALWAYS_SEARCH_USER_PATHS = NO;
				CLANG_ANALYZER_NONNULL = YES;
				CLANG_CXX_LANGUAGE_STANDARD = "gnu++0x";
				CLANG_CXX_LIBRARY = "libc++";
				CLANG_ENABLE_MODULES = YES;
				CLANG_ENABLE_OBJC_ARC = YES;
				CLANG_WARN_BOOL_CONVERSION = YES;
				CLANG_WARN_CONSTANT_CONVERSION = YES;
				CLANG_WARN_DIRECT_OBJC_ISA_USAGE = YES_ERROR;
				CLANG_WARN_EMPTY_BODY = YES;
				CLANG_WARN_ENUM_CONVERSION = YES;
				CLANG_WARN_INT_CONVERSION = YES;
				CLANG_WARN_OBJC_ROOT_CLASS = YES_ERROR;
				CLANG_WARN_UNREACHABLE_CODE = YES;
				CLANG_WARN__DUPLICATE_METHOD_MATCH = YES;
				"CODE_SIGN_IDENTITY[sdk=iphoneos*]" = "iPhone Developer";
				COPY_PHASE_STRIP = NO;
				DEBUG_INFORMATION_FORMAT = "dwarf-with-dsym";
				ENABLE_NS_ASSERTIONS = NO;
				ENABLE_STRICT_OBJC_MSGSEND = YES;
				GCC_C_LANGUAGE_STANDARD = gnu99;
				GCC_NO_COMMON_BLOCKS = YES;
				GCC_WARN_64_TO_32_BIT_CONVERSION = YES;
				GCC_WARN_ABOUT_RETURN_TYPE = YES_ERROR;
				GCC_WARN_UNDECLARED_SELECTOR = YES;
				GCC_WARN_UNINITIALIZED_AUTOS = YES_AGGRESSIVE;
				GCC_WARN_UNUSED_FUNCTION = YES;
				GCC_WARN_UNUSED_VARIABLE = YES;
				IPHONEOS_DEPLOYMENT_TARGET = 9.3;
				MTL_ENABLE_DEBUG_INFO = NO;
				SDKROOT = iphoneos;
				TARGETED_DEVICE_FAMILY = "1,2";
				VALIDATE_PRODUCT = YES;
			};
			name = Release;
		};
		AB708FB41D0543BE007D0B4D /* Debug */ = {
			isa = XCBuildConfiguration;
			baseConfigurationReference = FB5E00328843A9E289111723 /* Pods.debug.xcconfig */;
			buildSettings = {
				ASSETCATALOG_COMPILER_APPICON_NAME = AppIcon;
				INFOPLIST_FILE = FUYIFinance/Info.plist;
				IPHONEOS_DEPLOYMENT_TARGET = 9.1;
				LD_RUNPATH_SEARCH_PATHS = "$(inherited) @executable_path/Frameworks";
				PRODUCT_BUNDLE_IDENTIFIER = com.youyou.FUYIFinance;
				PRODUCT_NAME = "$(TARGET_NAME)";
			};
			name = Debug;
		};
		AB708FB51D0543BE007D0B4D /* Release */ = {
			isa = XCBuildConfiguration;
			baseConfigurationReference = E2D217BF4D0AE0F6C9591577 /* Pods.release.xcconfig */;
			buildSettings = {
				ASSETCATALOG_COMPILER_APPICON_NAME = AppIcon;
				INFOPLIST_FILE = FUYIFinance/Info.plist;
				IPHONEOS_DEPLOYMENT_TARGET = 9.1;
				LD_RUNPATH_SEARCH_PATHS = "$(inherited) @executable_path/Frameworks";
				PRODUCT_BUNDLE_IDENTIFIER = com.youyou.FUYIFinance;
				PRODUCT_NAME = "$(TARGET_NAME)";
			};
			name = Release;
		};
		AB708FB71D0543BE007D0B4D /* Debug */ = {
			isa = XCBuildConfiguration;
			buildSettings = {
				BUNDLE_LOADER = "$(TEST_HOST)";
				INFOPLIST_FILE = FUYIFinanceTests/Info.plist;
				LD_RUNPATH_SEARCH_PATHS = "$(inherited) @executable_path/Frameworks @loader_path/Frameworks";
				PRODUCT_BUNDLE_IDENTIFIER = com.youyou.FUYIFinanceTests;
				PRODUCT_NAME = "$(TARGET_NAME)";
				TEST_HOST = "$(BUILT_PRODUCTS_DIR)/FUYIFinance.app/FUYIFinance";
			};
			name = Debug;
		};
		AB708FB81D0543BE007D0B4D /* Release */ = {
			isa = XCBuildConfiguration;
			buildSettings = {
				BUNDLE_LOADER = "$(TEST_HOST)";
				INFOPLIST_FILE = FUYIFinanceTests/Info.plist;
				LD_RUNPATH_SEARCH_PATHS = "$(inherited) @executable_path/Frameworks @loader_path/Frameworks";
				PRODUCT_BUNDLE_IDENTIFIER = com.youyou.FUYIFinanceTests;
				PRODUCT_NAME = "$(TARGET_NAME)";
				TEST_HOST = "$(BUILT_PRODUCTS_DIR)/FUYIFinance.app/FUYIFinance";
			};
			name = Release;
		};
		AB708FBA1D0543BE007D0B4D /* Debug */ = {
			isa = XCBuildConfiguration;
			buildSettings = {
				INFOPLIST_FILE = FUYIFinanceUITests/Info.plist;
				LD_RUNPATH_SEARCH_PATHS = "$(inherited) @executable_path/Frameworks @loader_path/Frameworks";
				PRODUCT_BUNDLE_IDENTIFIER = com.youyou.FUYIFinanceUITests;
				PRODUCT_NAME = "$(TARGET_NAME)";
				TEST_TARGET_NAME = FUYIFinance;
			};
			name = Debug;
		};
		AB708FBB1D0543BE007D0B4D /* Release */ = {
			isa = XCBuildConfiguration;
			buildSettings = {
				INFOPLIST_FILE = FUYIFinanceUITests/Info.plist;
				LD_RUNPATH_SEARCH_PATHS = "$(inherited) @executable_path/Frameworks @loader_path/Frameworks";
				PRODUCT_BUNDLE_IDENTIFIER = com.youyou.FUYIFinanceUITests;
				PRODUCT_NAME = "$(TARGET_NAME)";
				TEST_TARGET_NAME = FUYIFinance;
			};
			name = Release;
		};
/* End XCBuildConfiguration section */

/* Begin XCConfigurationList section */
		AB708F811D0543BE007D0B4D /* Build configuration list for PBXProject "FUYIFinance" */ = {
			isa = XCConfigurationList;
			buildConfigurations = (
				AB708FB11D0543BE007D0B4D /* Debug */,
				AB708FB21D0543BE007D0B4D /* Release */,
			);
			defaultConfigurationIsVisible = 0;
			defaultConfigurationName = Release;
		};
		AB708FB31D0543BE007D0B4D /* Build configuration list for PBXNativeTarget "FUYIFinance" */ = {
			isa = XCConfigurationList;
			buildConfigurations = (
				AB708FB41D0543BE007D0B4D /* Debug */,
				AB708FB51D0543BE007D0B4D /* Release */,
			);
			defaultConfigurationIsVisible = 0;
			defaultConfigurationName = Release;
		};
		AB708FB61D0543BE007D0B4D /* Build configuration list for PBXNativeTarget "FUYIFinanceTests" */ = {
			isa = XCConfigurationList;
			buildConfigurations = (
				AB708FB71D0543BE007D0B4D /* Debug */,
				AB708FB81D0543BE007D0B4D /* Release */,
			);
			defaultConfigurationIsVisible = 0;
			defaultConfigurationName = Release;
		};
		AB708FB91D0543BE007D0B4D /* Build configuration list for PBXNativeTarget "FUYIFinanceUITests" */ = {
			isa = XCConfigurationList;
			buildConfigurations = (
				AB708FBA1D0543BE007D0B4D /* Debug */,
				AB708FBB1D0543BE007D0B4D /* Release */,
			);
			defaultConfigurationIsVisible = 0;
			defaultConfigurationName = Release;
		};
/* End XCConfigurationList section */
	};
	rootObject = AB708F7E1D0543BE007D0B4D /* Project object */;
}
