// !$*UTF8*$!
{
	archiveVersion = 1;
	classes = {
	};
	objectVersion = 46;
	objects = {

/* Begin PBXBuildFile section */
		09C633776A4A8F751566863B /* libPods-FUYIFinance.a in Frameworks */ = {isa = PBXBuildFile; fileRef = 91082FC8046B117F37C12298 /* libPods-FUYIFinance.a */; };
		AB02D4AC1D2228F800AED400 /* ShopCarViewController.m in Sources */ = {isa = PBXBuildFile; fileRef = AB02D4AB1D2228F700AED400 /* ShopCarViewController.m */; };
		AB36CDB71D12773400D0E4C7 /* BaseViewController.m in Sources */ = {isa = PBXBuildFile; fileRef = AB36CDB61D12773400D0E4C7 /* BaseViewController.m */; };
		AB36CDBA1D1283AD00D0E4C7 /* HomePageViewController.m in Sources */ = {isa = PBXBuildFile; fileRef = AB36CDB91D1283AD00D0E4C7 /* HomePageViewController.m */; };
		AB36CDC01D128CF900D0E4C7 /* HomePageNavgationItem.m in Sources */ = {isa = PBXBuildFile; fileRef = AB36CDBF1D128CF900D0E4C7 /* HomePageNavgationItem.m */; };
		AB36CDC21D128D1900D0E4C7 /* HomePageNavgationItem.xib in Resources */ = {isa = PBXBuildFile; fileRef = AB36CDC11D128D1900D0E4C7 /* HomePageNavgationItem.xib */; };
		AB36CDFE1D1A996900D0E4C7 /* Tools.m in Sources */ = {isa = PBXBuildFile; fileRef = AB36CDFD1D1A996900D0E4C7 /* Tools.m */; };
		AB36CE191D1A9A1700D0E4C7 /* GuideViewController.m in Sources */ = {isa = PBXBuildFile; fileRef = AB36CE181D1A9A1700D0E4C7 /* GuideViewController.m */; };
		AB36CE2C1D1B710400D0E4C7 /* NSData+SDDataCache.m in Sources */ = {isa = PBXBuildFile; fileRef = AB36CE1C1D1B710400D0E4C7 /* NSData+SDDataCache.m */; };
		AB36CE2D1D1B710400D0E4C7 /* TAAbstractDotView.m in Sources */ = {isa = PBXBuildFile; fileRef = AB36CE1F1D1B710400D0E4C7 /* TAAbstractDotView.m */; };
		AB36CE2E1D1B710400D0E4C7 /* TAAnimatedDotView.m in Sources */ = {isa = PBXBuildFile; fileRef = AB36CE211D1B710400D0E4C7 /* TAAnimatedDotView.m */; };
		AB36CE2F1D1B710400D0E4C7 /* TADotView.m in Sources */ = {isa = PBXBuildFile; fileRef = AB36CE231D1B710400D0E4C7 /* TADotView.m */; };
		AB36CE301D1B710400D0E4C7 /* TAPageControl.m in Sources */ = {isa = PBXBuildFile; fileRef = AB36CE251D1B710400D0E4C7 /* TAPageControl.m */; };
		AB36CE311D1B710400D0E4C7 /* SDCollectionViewCell.m in Sources */ = {isa = PBXBuildFile; fileRef = AB36CE271D1B710400D0E4C7 /* SDCollectionViewCell.m */; };
		AB36CE321D1B710400D0E4C7 /* SDCycleScrollView.m in Sources */ = {isa = PBXBuildFile; fileRef = AB36CE291D1B710400D0E4C7 /* SDCycleScrollView.m */; };
		AB36CE331D1B710400D0E4C7 /* UIView+SDExtension.m in Sources */ = {isa = PBXBuildFile; fileRef = AB36CE2B1D1B710400D0E4C7 /* UIView+SDExtension.m */; };
		AB36CE371D1B818300D0E4C7 /* HomepageHeaderTableViewCell.m in Sources */ = {isa = PBXBuildFile; fileRef = AB36CE351D1B818300D0E4C7 /* HomepageHeaderTableViewCell.m */; };
		AB36CE381D1B818300D0E4C7 /* HomepageHeaderTableViewCell.xib in Resources */ = {isa = PBXBuildFile; fileRef = AB36CE361D1B818300D0E4C7 /* HomepageHeaderTableViewCell.xib */; };
		AB36CE3C1D1B88A600D0E4C7 /* HomePageHotNewTableViewCell.m in Sources */ = {isa = PBXBuildFile; fileRef = AB36CE3A1D1B88A600D0E4C7 /* HomePageHotNewTableViewCell.m */; };
		AB36CE3D1D1B88A600D0E4C7 /* HomePageHotNewTableViewCell.xib in Resources */ = {isa = PBXBuildFile; fileRef = AB36CE3B1D1B88A600D0E4C7 /* HomePageHotNewTableViewCell.xib */; };
		AB36CE401D1BC9C100D0E4C7 /* InvestCollectionViewTableViewCell.m in Sources */ = {isa = PBXBuildFile; fileRef = AB36CE3F1D1BC9C100D0E4C7 /* InvestCollectionViewTableViewCell.m */; };
		AB36CE431D1BE8FD00D0E4C7 /* InversetScrollView.m in Sources */ = {isa = PBXBuildFile; fileRef = AB36CE421D1BE8FD00D0E4C7 /* InversetScrollView.m */; };
		AB36CE491D1CE72400D0E4C7 /* ThreeCollectionViewCell.m in Sources */ = {isa = PBXBuildFile; fileRef = AB36CE451D1CE72400D0E4C7 /* ThreeCollectionViewCell.m */; };
		AB36CE4A1D1CE72400D0E4C7 /* ThreeCollectionViewCell.xib in Resources */ = {isa = PBXBuildFile; fileRef = AB36CE461D1CE72400D0E4C7 /* ThreeCollectionViewCell.xib */; };
		AB36CE4B1D1CE72400D0E4C7 /* ThreeTableViewCell.m in Sources */ = {isa = PBXBuildFile; fileRef = AB36CE481D1CE72400D0E4C7 /* ThreeTableViewCell.m */; };
		AB708F8B1D0543BE007D0B4D /* main.m in Sources */ = {isa = PBXBuildFile; fileRef = AB708F8A1D0543BE007D0B4D /* main.m */; };
		AB708F8E1D0543BE007D0B4D /* AppDelegate.m in Sources */ = {isa = PBXBuildFile; fileRef = AB708F8D1D0543BE007D0B4D /* AppDelegate.m */; };
		AB708F911D0543BE007D0B4D /* ViewController.m in Sources */ = {isa = PBXBuildFile; fileRef = AB708F901D0543BE007D0B4D /* ViewController.m */; };
		AB708F941D0543BE007D0B4D /* Main.storyboard in Resources */ = {isa = PBXBuildFile; fileRef = AB708F921D0543BE007D0B4D /* Main.storyboard */; };
		AB708F961D0543BE007D0B4D /* Assets.xcassets in Resources */ = {isa = PBXBuildFile; fileRef = AB708F951D0543BE007D0B4D /* Assets.xcassets */; };
		AB708F991D0543BE007D0B4D /* LaunchScreen.storyboard in Resources */ = {isa = PBXBuildFile; fileRef = AB708F971D0543BE007D0B4D /* LaunchScreen.storyboard */; };
		AB708FA41D0543BE007D0B4D /* FUYIFinanceTests.m in Sources */ = {isa = PBXBuildFile; fileRef = AB708FA31D0543BE007D0B4D /* FUYIFinanceTests.m */; };
		AB708FAF1D0543BE007D0B4D /* FUYIFinanceUITests.m in Sources */ = {isa = PBXBuildFile; fileRef = AB708FAE1D0543BE007D0B4D /* FUYIFinanceUITests.m */; };
		ABF5DE4A1D0FA58E007CE1AB /* HomeTabbars.json in Resources */ = {isa = PBXBuildFile; fileRef = ABF5DE491D0FA58E007CE1AB /* HomeTabbars.json */; };
		ABF5DE4C1D0FA7B9007CE1AB /* HomePage.storyboard in Resources */ = {isa = PBXBuildFile; fileRef = ABF5DE4B1D0FA7B9007CE1AB /* HomePage.storyboard */; };
		ABF5DE4E1D0FA7EB007CE1AB /* CustomerService.storyboard in Resources */ = {isa = PBXBuildFile; fileRef = ABF5DE4D1D0FA7EB007CE1AB /* CustomerService.storyboard */; };
		ABF5DE501D0FA7FC007CE1AB /* ShopCar.storyboard in Resources */ = {isa = PBXBuildFile; fileRef = ABF5DE4F1D0FA7FC007CE1AB /* ShopCar.storyboard */; };
		ABF5DE521D0FA803007CE1AB /* Mine.storyboard in Resources */ = {isa = PBXBuildFile; fileRef = ABF5DE511D0FA803007CE1AB /* Mine.storyboard */; };
		ABF5DE571D0FD930007CE1AB /* HomeTabbarViewController.m in Sources */ = {isa = PBXBuildFile; fileRef = ABF5DE561D0FD930007CE1AB /* HomeTabbarViewController.m */; };
		D1C49AF61D22468A003C17DA /* StringEncryption.m in Sources */ = {isa = PBXBuildFile; fileRef = D1C49AE71D22468A003C17DA /* StringEncryption.m */; settings = {COMPILER_FLAGS = "-fno-objc-arc"; }; };
		D1C49AF71D22468A003C17DA /* SecurityUtil.m in Sources */ = {isa = PBXBuildFile; fileRef = D1C49AE91D22468A003C17DA /* SecurityUtil.m */; settings = {COMPILER_FLAGS = "-fno-objc-arc"; }; };
		D1C49AF91D22468A003C17DA /* NSString+MD5.m in Sources */ = {isa = PBXBuildFile; fileRef = D1C49AED1D22468A003C17DA /* NSString+MD5.m */; settings = {COMPILER_FLAGS = "-fno-objc-arc"; }; };
		D1C49AFA1D22468A003C17DA /* NSData+Base64.m in Sources */ = {isa = PBXBuildFile; fileRef = D1C49AEF1D22468A003C17DA /* NSData+Base64.m */; settings = {COMPILER_FLAGS = "-fno-objc-arc"; }; };
		D1C49AFB1D22468A003C17DA /* NSData+AES.m in Sources */ = {isa = PBXBuildFile; fileRef = D1C49AF11D22468A003C17DA /* NSData+AES.m */; settings = {COMPILER_FLAGS = "-fno-objc-arc"; }; };
		D1C49AFC1D22468A003C17DA /* GTMBase64.m in Sources */ = {isa = PBXBuildFile; fileRef = D1C49AF41D22468A003C17DA /* GTMBase64.m */; settings = {COMPILER_FLAGS = "-fno-objc-arc"; }; };
		D1C49AFE1D2246A4003C17DA /* libPods.a in Frameworks */ = {isa = PBXBuildFile; fileRef = D1C49AFD1D2246A4003C17DA /* libPods.a */; };
/* End PBXBuildFile section */

/* Begin PBXContainerItemProxy section */
		AB708FA01D0543BE007D0B4D /* PBXContainerItemProxy */ = {
			isa = PBXContainerItemProxy;
			containerPortal = AB708F7E1D0543BE007D0B4D /* Project object */;
			proxyType = 1;
			remoteGlobalIDString = AB708F851D0543BE007D0B4D;
			remoteInfo = FUYIFinance;
		};
		AB708FAB1D0543BE007D0B4D /* PBXContainerItemProxy */ = {
			isa = PBXContainerItemProxy;
			containerPortal = AB708F7E1D0543BE007D0B4D /* Project object */;
			proxyType = 1;
			remoteGlobalIDString = AB708F851D0543BE007D0B4D;
			remoteInfo = FUYIFinance;
		};
/* End PBXContainerItemProxy section */

/* Begin PBXFileReference section */
		0CE31DB59572E865FDE98F3A /* Pods-FUYIFinance.release.xcconfig */ = {isa = PBXFileReference; includeInIndex = 1; lastKnownFileType = text.xcconfig; name = "Pods-FUYIFinance.release.xcconfig"; path = "Pods/Target Support Files/Pods-FUYIFinance/Pods-FUYIFinance.release.xcconfig"; sourceTree = "<group>"; };
		91082FC8046B117F37C12298 /* libPods-FUYIFinance.a */ = {isa = PBXFileReference; explicitFileType = archive.ar; includeInIndex = 0; path = "libPods-FUYIFinance.a"; sourceTree = BUILT_PRODUCTS_DIR; };
		AB02D4AA1D2228F700AED400 /* ShopCarViewController.h */ = {isa = PBXFileReference; fileEncoding = 4; lastKnownFileType = sourcecode.c.h; path = ShopCarViewController.h; sourceTree = "<group>"; };
		AB02D4AB1D2228F700AED400 /* ShopCarViewController.m */ = {isa = PBXFileReference; fileEncoding = 4; lastKnownFileType = sourcecode.c.objc; path = ShopCarViewController.m; sourceTree = "<group>"; };
		AB36CDB51D12773400D0E4C7 /* BaseViewController.h */ = {isa = PBXFileReference; fileEncoding = 4; lastKnownFileType = sourcecode.c.h; path = BaseViewController.h; sourceTree = "<group>"; };
		AB36CDB61D12773400D0E4C7 /* BaseViewController.m */ = {isa = PBXFileReference; fileEncoding = 4; lastKnownFileType = sourcecode.c.objc; path = BaseViewController.m; sourceTree = "<group>"; };
		AB36CDB81D1283AD00D0E4C7 /* HomePageViewController.h */ = {isa = PBXFileReference; fileEncoding = 4; lastKnownFileType = sourcecode.c.h; path = HomePageViewController.h; sourceTree = "<group>"; };
		AB36CDB91D1283AD00D0E4C7 /* HomePageViewController.m */ = {isa = PBXFileReference; explicitFileType = sourcecode.c.objc.preprocessed; fileEncoding = 4; path = HomePageViewController.m; sourceTree = "<group>"; };
		AB36CDBE1D128CF900D0E4C7 /* HomePageNavgationItem.h */ = {isa = PBXFileReference; fileEncoding = 4; lastKnownFileType = sourcecode.c.h; path = HomePageNavgationItem.h; sourceTree = "<group>"; };
		AB36CDBF1D128CF900D0E4C7 /* HomePageNavgationItem.m */ = {isa = PBXFileReference; fileEncoding = 4; lastKnownFileType = sourcecode.c.objc; path = HomePageNavgationItem.m; sourceTree = "<group>"; };
		AB36CDC11D128D1900D0E4C7 /* HomePageNavgationItem.xib */ = {isa = PBXFileReference; fileEncoding = 4; lastKnownFileType = file.xib; path = HomePageNavgationItem.xib; sourceTree = "<group>"; };
		AB36CDC31D129C5D00D0E4C7 /* Marco.h */ = {isa = PBXFileReference; lastKnownFileType = sourcecode.c.h; path = Marco.h; sourceTree = "<group>"; };
		AB36CDC41D129CA600D0E4C7 /* FUYI-Prefix.pch */ = {isa = PBXFileReference; lastKnownFileType = sourcecode.c.h; path = "FUYI-Prefix.pch"; sourceTree = "<group>"; };
		AB36CDFC1D1A996900D0E4C7 /* Tools.h */ = {isa = PBXFileReference; fileEncoding = 4; lastKnownFileType = sourcecode.c.h; name = Tools.h; path = ../Tools.h; sourceTree = "<group>"; };
		AB36CDFD1D1A996900D0E4C7 /* Tools.m */ = {isa = PBXFileReference; fileEncoding = 4; lastKnownFileType = sourcecode.c.objc; name = Tools.m; path = ../Tools.m; sourceTree = "<group>"; };
		AB36CE171D1A9A1700D0E4C7 /* GuideViewController.h */ = {isa = PBXFileReference; fileEncoding = 4; lastKnownFileType = sourcecode.c.h; path = GuideViewController.h; sourceTree = "<group>"; };
		AB36CE181D1A9A1700D0E4C7 /* GuideViewController.m */ = {isa = PBXFileReference; fileEncoding = 4; lastKnownFileType = sourcecode.c.objc; path = GuideViewController.m; sourceTree = "<group>"; };
		AB36CE1B1D1B710400D0E4C7 /* NSData+SDDataCache.h */ = {isa = PBXFileReference; fileEncoding = 4; lastKnownFileType = sourcecode.c.h; path = "NSData+SDDataCache.h"; sourceTree = "<group>"; };
		AB36CE1C1D1B710400D0E4C7 /* NSData+SDDataCache.m */ = {isa = PBXFileReference; fileEncoding = 4; lastKnownFileType = sourcecode.c.objc; path = "NSData+SDDataCache.m"; sourceTree = "<group>"; };
		AB36CE1E1D1B710400D0E4C7 /* TAAbstractDotView.h */ = {isa = PBXFileReference; fileEncoding = 4; lastKnownFileType = sourcecode.c.h; path = TAAbstractDotView.h; sourceTree = "<group>"; };
		AB36CE1F1D1B710400D0E4C7 /* TAAbstractDotView.m */ = {isa = PBXFileReference; fileEncoding = 4; lastKnownFileType = sourcecode.c.objc; path = TAAbstractDotView.m; sourceTree = "<group>"; };
		AB36CE201D1B710400D0E4C7 /* TAAnimatedDotView.h */ = {isa = PBXFileReference; fileEncoding = 4; lastKnownFileType = sourcecode.c.h; path = TAAnimatedDotView.h; sourceTree = "<group>"; };
		AB36CE211D1B710400D0E4C7 /* TAAnimatedDotView.m */ = {isa = PBXFileReference; fileEncoding = 4; lastKnownFileType = sourcecode.c.objc; path = TAAnimatedDotView.m; sourceTree = "<group>"; };
		AB36CE221D1B710400D0E4C7 /* TADotView.h */ = {isa = PBXFileReference; fileEncoding = 4; lastKnownFileType = sourcecode.c.h; path = TADotView.h; sourceTree = "<group>"; };
		AB36CE231D1B710400D0E4C7 /* TADotView.m */ = {isa = PBXFileReference; fileEncoding = 4; lastKnownFileType = sourcecode.c.objc; path = TADotView.m; sourceTree = "<group>"; };
		AB36CE241D1B710400D0E4C7 /* TAPageControl.h */ = {isa = PBXFileReference; fileEncoding = 4; lastKnownFileType = sourcecode.c.h; path = TAPageControl.h; sourceTree = "<group>"; };
		AB36CE251D1B710400D0E4C7 /* TAPageControl.m */ = {isa = PBXFileReference; fileEncoding = 4; lastKnownFileType = sourcecode.c.objc; path = TAPageControl.m; sourceTree = "<group>"; };
		AB36CE261D1B710400D0E4C7 /* SDCollectionViewCell.h */ = {isa = PBXFileReference; fileEncoding = 4; lastKnownFileType = sourcecode.c.h; path = SDCollectionViewCell.h; sourceTree = "<group>"; };
		AB36CE271D1B710400D0E4C7 /* SDCollectionViewCell.m */ = {isa = PBXFileReference; fileEncoding = 4; lastKnownFileType = sourcecode.c.objc; path = SDCollectionViewCell.m; sourceTree = "<group>"; };
		AB36CE281D1B710400D0E4C7 /* SDCycleScrollView.h */ = {isa = PBXFileReference; fileEncoding = 4; lastKnownFileType = sourcecode.c.h; path = SDCycleScrollView.h; sourceTree = "<group>"; };
		AB36CE291D1B710400D0E4C7 /* SDCycleScrollView.m */ = {isa = PBXFileReference; fileEncoding = 4; lastKnownFileType = sourcecode.c.objc; path = SDCycleScrollView.m; sourceTree = "<group>"; };
		AB36CE2A1D1B710400D0E4C7 /* UIView+SDExtension.h */ = {isa = PBXFileReference; fileEncoding = 4; lastKnownFileType = sourcecode.c.h; path = "UIView+SDExtension.h"; sourceTree = "<group>"; };
		AB36CE2B1D1B710400D0E4C7 /* UIView+SDExtension.m */ = {isa = PBXFileReference; fileEncoding = 4; lastKnownFileType = sourcecode.c.objc; path = "UIView+SDExtension.m"; sourceTree = "<group>"; };
		AB36CE341D1B818300D0E4C7 /* HomepageHeaderTableViewCell.h */ = {isa = PBXFileReference; fileEncoding = 4; lastKnownFileType = sourcecode.c.h; path = HomepageHeaderTableViewCell.h; sourceTree = "<group>"; };
		AB36CE351D1B818300D0E4C7 /* HomepageHeaderTableViewCell.m */ = {isa = PBXFileReference; fileEncoding = 4; lastKnownFileType = sourcecode.c.objc; path = HomepageHeaderTableViewCell.m; sourceTree = "<group>"; };
		AB36CE361D1B818300D0E4C7 /* HomepageHeaderTableViewCell.xib */ = {isa = PBXFileReference; fileEncoding = 4; lastKnownFileType = file.xib; path = HomepageHeaderTableViewCell.xib; sourceTree = "<group>"; };
		AB36CE391D1B88A600D0E4C7 /* HomePageHotNewTableViewCell.h */ = {isa = PBXFileReference; fileEncoding = 4; lastKnownFileType = sourcecode.c.h; path = HomePageHotNewTableViewCell.h; sourceTree = "<group>"; };
		AB36CE3A1D1B88A600D0E4C7 /* HomePageHotNewTableViewCell.m */ = {isa = PBXFileReference; fileEncoding = 4; lastKnownFileType = sourcecode.c.objc; path = HomePageHotNewTableViewCell.m; sourceTree = "<group>"; };
		AB36CE3B1D1B88A600D0E4C7 /* HomePageHotNewTableViewCell.xib */ = {isa = PBXFileReference; fileEncoding = 4; lastKnownFileType = file.xib; path = HomePageHotNewTableViewCell.xib; sourceTree = "<group>"; };
		AB36CE3E1D1BC9C100D0E4C7 /* InvestCollectionViewTableViewCell.h */ = {isa = PBXFileReference; fileEncoding = 4; lastKnownFileType = sourcecode.c.h; path = InvestCollectionViewTableViewCell.h; sourceTree = "<group>"; };
		AB36CE3F1D1BC9C100D0E4C7 /* InvestCollectionViewTableViewCell.m */ = {isa = PBXFileReference; fileEncoding = 4; lastKnownFileType = sourcecode.c.objc; path = InvestCollectionViewTableViewCell.m; sourceTree = "<group>"; };
		AB36CE411D1BE8FD00D0E4C7 /* InversetScrollView.h */ = {isa = PBXFileReference; fileEncoding = 4; lastKnownFileType = sourcecode.c.h; path = InversetScrollView.h; sourceTree = "<group>"; };
		AB36CE421D1BE8FD00D0E4C7 /* InversetScrollView.m */ = {isa = PBXFileReference; fileEncoding = 4; lastKnownFileType = sourcecode.c.objc; path = InversetScrollView.m; sourceTree = "<group>"; };
		AB36CE441D1CE72400D0E4C7 /* ThreeCollectionViewCell.h */ = {isa = PBXFileReference; fileEncoding = 4; lastKnownFileType = sourcecode.c.h; path = ThreeCollectionViewCell.h; sourceTree = "<group>"; };
		AB36CE451D1CE72400D0E4C7 /* ThreeCollectionViewCell.m */ = {isa = PBXFileReference; fileEncoding = 4; lastKnownFileType = sourcecode.c.objc; path = ThreeCollectionViewCell.m; sourceTree = "<group>"; };
		AB36CE461D1CE72400D0E4C7 /* ThreeCollectionViewCell.xib */ = {isa = PBXFileReference; fileEncoding = 4; lastKnownFileType = file.xib; path = ThreeCollectionViewCell.xib; sourceTree = "<group>"; };
		AB36CE471D1CE72400D0E4C7 /* ThreeTableViewCell.h */ = {isa = PBXFileReference; fileEncoding = 4; lastKnownFileType = sourcecode.c.h; path = ThreeTableViewCell.h; sourceTree = "<group>"; };
		AB36CE481D1CE72400D0E4C7 /* ThreeTableViewCell.m */ = {isa = PBXFileReference; fileEncoding = 4; lastKnownFileType = sourcecode.c.objc; path = ThreeTableViewCell.m; sourceTree = "<group>"; };
		AB708F861D0543BE007D0B4D /* FUYIFinance.app */ = {isa = PBXFileReference; explicitFileType = wrapper.application; includeInIndex = 0; path = FUYIFinance.app; sourceTree = BUILT_PRODUCTS_DIR; };
		AB708F8A1D0543BE007D0B4D /* main.m */ = {isa = PBXFileReference; lastKnownFileType = sourcecode.c.objc; path = main.m; sourceTree = "<group>"; };
		AB708F8C1D0543BE007D0B4D /* AppDelegate.h */ = {isa = PBXFileReference; lastKnownFileType = sourcecode.c.h; name = AppDelegate.h; path = FUYIFinance/AppDelegate.h; sourceTree = SOURCE_ROOT; };
		AB708F8D1D0543BE007D0B4D /* AppDelegate.m */ = {isa = PBXFileReference; lastKnownFileType = sourcecode.c.objc; name = AppDelegate.m; path = FUYIFinance/AppDelegate.m; sourceTree = SOURCE_ROOT; };
		AB708F8F1D0543BE007D0B4D /* ViewController.h */ = {isa = PBXFileReference; lastKnownFileType = sourcecode.c.h; path = ViewController.h; sourceTree = "<group>"; };
		AB708F901D0543BE007D0B4D /* ViewController.m */ = {isa = PBXFileReference; lastKnownFileType = sourcecode.c.objc; path = ViewController.m; sourceTree = "<group>"; };
		AB708F931D0543BE007D0B4D /* Base */ = {isa = PBXFileReference; lastKnownFileType = file.storyboard; name = Base; path = Base.lproj/Main.storyboard; sourceTree = "<group>"; };
		AB708F951D0543BE007D0B4D /* Assets.xcassets */ = {isa = PBXFileReference; lastKnownFileType = folder.assetcatalog; path = Assets.xcassets; sourceTree = "<group>"; };
		AB708F981D0543BE007D0B4D /* Base */ = {isa = PBXFileReference; lastKnownFileType = file.storyboard; name = Base; path = Base.lproj/LaunchScreen.storyboard; sourceTree = "<group>"; };
		AB708F9A1D0543BE007D0B4D /* Info.plist */ = {isa = PBXFileReference; lastKnownFileType = text.plist.xml; path = Info.plist; sourceTree = "<group>"; };
		AB708F9F1D0543BE007D0B4D /* FUYIFinanceTests.xctest */ = {isa = PBXFileReference; explicitFileType = wrapper.cfbundle; includeInIndex = 0; path = FUYIFinanceTests.xctest; sourceTree = BUILT_PRODUCTS_DIR; };
		AB708FA31D0543BE007D0B4D /* FUYIFinanceTests.m */ = {isa = PBXFileReference; lastKnownFileType = sourcecode.c.objc; path = FUYIFinanceTests.m; sourceTree = "<group>"; };
		AB708FA51D0543BE007D0B4D /* Info.plist */ = {isa = PBXFileReference; lastKnownFileType = text.plist.xml; path = Info.plist; sourceTree = "<group>"; };
		AB708FAA1D0543BE007D0B4D /* FUYIFinanceUITests.xctest */ = {isa = PBXFileReference; explicitFileType = wrapper.cfbundle; includeInIndex = 0; path = FUYIFinanceUITests.xctest; sourceTree = BUILT_PRODUCTS_DIR; };
		AB708FAE1D0543BE007D0B4D /* FUYIFinanceUITests.m */ = {isa = PBXFileReference; lastKnownFileType = sourcecode.c.objc; path = FUYIFinanceUITests.m; sourceTree = "<group>"; };
		AB708FB01D0543BE007D0B4D /* Info.plist */ = {isa = PBXFileReference; lastKnownFileType = text.plist.xml; path = Info.plist; sourceTree = "<group>"; };
		ABF5DE491D0FA58E007CE1AB /* HomeTabbars.json */ = {isa = PBXFileReference; fileEncoding = 4; lastKnownFileType = text.json; path = HomeTabbars.json; sourceTree = "<group>"; };
		ABF5DE4B1D0FA7B9007CE1AB /* HomePage.storyboard */ = {isa = PBXFileReference; fileEncoding = 4; lastKnownFileType = file.storyboard; path = HomePage.storyboard; sourceTree = "<group>"; };
		ABF5DE4D1D0FA7EB007CE1AB /* CustomerService.storyboard */ = {isa = PBXFileReference; fileEncoding = 4; lastKnownFileType = file.storyboard; path = CustomerService.storyboard; sourceTree = "<group>"; };
		ABF5DE4F1D0FA7FC007CE1AB /* ShopCar.storyboard */ = {isa = PBXFileReference; fileEncoding = 4; lastKnownFileType = file.storyboard; path = ShopCar.storyboard; sourceTree = "<group>"; };
		ABF5DE511D0FA803007CE1AB /* Mine.storyboard */ = {isa = PBXFileReference; fileEncoding = 4; lastKnownFileType = file.storyboard; path = Mine.storyboard; sourceTree = "<group>"; };
		ABF5DE551D0FD930007CE1AB /* HomeTabbarViewController.h */ = {isa = PBXFileReference; fileEncoding = 4; lastKnownFileType = sourcecode.c.h; path = HomeTabbarViewController.h; sourceTree = "<group>"; };
		ABF5DE561D0FD930007CE1AB /* HomeTabbarViewController.m */ = {isa = PBXFileReference; fileEncoding = 4; lastKnownFileType = sourcecode.c.objc; path = HomeTabbarViewController.m; sourceTree = "<group>"; };
		D1C49AE71D22468A003C17DA /* StringEncryption.m */ = {isa = PBXFileReference; fileEncoding = 4; lastKnownFileType = sourcecode.c.objc; path = StringEncryption.m; sourceTree = "<group>"; };
		D1C49AE81D22468A003C17DA /* StringEncryption.h */ = {isa = PBXFileReference; fileEncoding = 4; lastKnownFileType = sourcecode.c.h; path = StringEncryption.h; sourceTree = "<group>"; };
		D1C49AE91D22468A003C17DA /* SecurityUtil.m */ = {isa = PBXFileReference; fileEncoding = 4; lastKnownFileType = sourcecode.c.objc; path = SecurityUtil.m; sourceTree = "<group>"; };
		D1C49AEA1D22468A003C17DA /* NSString+URLEncoding.m */ = {isa = PBXFileReference; fileEncoding = 4; lastKnownFileType = sourcecode.c.objc; path = "NSString+URLEncoding.m"; sourceTree = "<group>"; };
		D1C49AEB1D22468A003C17DA /* SecurityUtil.h */ = {isa = PBXFileReference; fileEncoding = 4; lastKnownFileType = sourcecode.c.h; path = SecurityUtil.h; sourceTree = "<group>"; };
		D1C49AEC1D22468A003C17DA /* NSString+URLEncoding.h */ = {isa = PBXFileReference; fileEncoding = 4; lastKnownFileType = sourcecode.c.h; path = "NSString+URLEncoding.h"; sourceTree = "<group>"; };
		D1C49AED1D22468A003C17DA /* NSString+MD5.m */ = {isa = PBXFileReference; fileEncoding = 4; lastKnownFileType = sourcecode.c.objc; path = "NSString+MD5.m"; sourceTree = "<group>"; };
		D1C49AEE1D22468A003C17DA /* NSString+MD5.h */ = {isa = PBXFileReference; fileEncoding = 4; lastKnownFileType = sourcecode.c.h; path = "NSString+MD5.h"; sourceTree = "<group>"; };
		D1C49AEF1D22468A003C17DA /* NSData+Base64.m */ = {isa = PBXFileReference; fileEncoding = 4; lastKnownFileType = sourcecode.c.objc; path = "NSData+Base64.m"; sourceTree = "<group>"; };
		D1C49AF01D22468A003C17DA /* NSData+Base64.h */ = {isa = PBXFileReference; fileEncoding = 4; lastKnownFileType = sourcecode.c.h; path = "NSData+Base64.h"; sourceTree = "<group>"; };
		D1C49AF11D22468A003C17DA /* NSData+AES.m */ = {isa = PBXFileReference; fileEncoding = 4; lastKnownFileType = sourcecode.c.objc; path = "NSData+AES.m"; sourceTree = "<group>"; };
		D1C49AF21D22468A003C17DA /* NSData+AES.h */ = {isa = PBXFileReference; fileEncoding = 4; lastKnownFileType = sourcecode.c.h; path = "NSData+AES.h"; sourceTree = "<group>"; };
		D1C49AF31D22468A003C17DA /* GTMDefines.h */ = {isa = PBXFileReference; fileEncoding = 4; lastKnownFileType = sourcecode.c.h; path = GTMDefines.h; sourceTree = "<group>"; };
		D1C49AF41D22468A003C17DA /* GTMBase64.m */ = {isa = PBXFileReference; fileEncoding = 4; lastKnownFileType = sourcecode.c.objc; path = GTMBase64.m; sourceTree = "<group>"; };
		D1C49AF51D22468A003C17DA /* GTMBase64.h */ = {isa = PBXFileReference; fileEncoding = 4; lastKnownFileType = sourcecode.c.h; path = GTMBase64.h; sourceTree = "<group>"; };
		D1C49AFD1D2246A4003C17DA /* libPods.a */ = {isa = PBXFileReference; lastKnownFileType = archive.ar; path = libPods.a; sourceTree = "<group>"; };
		E2D217BF4D0AE0F6C9591577 /* Pods.release.xcconfig */ = {isa = PBXFileReference; includeInIndex = 1; lastKnownFileType = text.xcconfig; name = Pods.release.xcconfig; path = "Pods/Target Support Files/Pods/Pods.release.xcconfig"; sourceTree = "<group>"; };
		FA5515060D58FFB367588DFA /* Pods-FUYIFinance.debug.xcconfig */ = {isa = PBXFileReference; includeInIndex = 1; lastKnownFileType = text.xcconfig; name = "Pods-FUYIFinance.debug.xcconfig"; path = "Pods/Target Support Files/Pods-FUYIFinance/Pods-FUYIFinance.debug.xcconfig"; sourceTree = "<group>"; };
		FB5E00328843A9E289111723 /* Pods.debug.xcconfig */ = {isa = PBXFileReference; includeInIndex = 1; lastKnownFileType = text.xcconfig; name = Pods.debug.xcconfig; path = "Pods/Target Support Files/Pods/Pods.debug.xcconfig"; sourceTree = "<group>"; };
/* End PBXFileReference section */

/* Begin PBXFrameworksBuildPhase section */
		AB708F831D0543BE007D0B4D /* Frameworks */ = {
			isa = PBXFrameworksBuildPhase;
			buildActionMask = 2147483647;
			files = (
				09C633776A4A8F751566863B /* libPods-FUYIFinance.a in Frameworks */,
				D1C49AFE1D2246A4003C17DA /* libPods.a in Frameworks */,
			);
			runOnlyForDeploymentPostprocessing = 0;
		};
		AB708F9C1D0543BE007D0B4D /* Frameworks */ = {
			isa = PBXFrameworksBuildPhase;
			buildActionMask = 2147483647;
			files = (
			);
			runOnlyForDeploymentPostprocessing = 0;
		};
		AB708FA71D0543BE007D0B4D /* Frameworks */ = {
			isa = PBXFrameworksBuildPhase;
			buildActionMask = 2147483647;
			files = (
			);
			runOnlyForDeploymentPostprocessing = 0;
		};
/* End PBXFrameworksBuildPhase section */

/* Begin PBXGroup section */
		057C5D8A0E6308E6EB525BAB /* Pods */ = {
			isa = PBXGroup;
			children = (
				FB5E00328843A9E289111723 /* Pods.debug.xcconfig */,
				E2D217BF4D0AE0F6C9591577 /* Pods.release.xcconfig */,
				FA5515060D58FFB367588DFA /* Pods-FUYIFinance.debug.xcconfig */,
				0CE31DB59572E865FDE98F3A /* Pods-FUYIFinance.release.xcconfig */,
			);
			name = Pods;
			sourceTree = "<group>";
		};
		0785EFAD9D8BC2ECCBC0C903 /* Frameworks */ = {
			isa = PBXGroup;
			children = (
				D1C49AFD1D2246A4003C17DA /* libPods.a */,
				91082FC8046B117F37C12298 /* libPods-FUYIFinance.a */,
			);
			name = Frameworks;
			sourceTree = "<group>";
		};
		AB36CDB41D1274E900D0E4C7 /* BaseViewControllers */ = {
			isa = PBXGroup;
			children = (
				AB36CDB51D12773400D0E4C7 /* BaseViewController.h */,
				AB36CDB61D12773400D0E4C7 /* BaseViewController.m */,
			);
			path = BaseViewControllers;
			sourceTree = "<group>";
		};
		AB36CDFF1D1A99DB00D0E4C7 /* Helper */ = {
			isa = PBXGroup;
			children = (
				AB36CDFC1D1A996900D0E4C7 /* Tools.h */,
				AB36CDFD1D1A996900D0E4C7 /* Tools.m */,
			);
			path = Helper;
			sourceTree = "<group>";
		};
		AB36CE1A1D1B710400D0E4C7 /* SDCycleScrollView */ = {
			isa = PBXGroup;
			children = (
				AB36CE1B1D1B710400D0E4C7 /* NSData+SDDataCache.h */,
				AB36CE1C1D1B710400D0E4C7 /* NSData+SDDataCache.m */,
				AB36CE1D1D1B710400D0E4C7 /* PageControl */,
				AB36CE261D1B710400D0E4C7 /* SDCollectionViewCell.h */,
				AB36CE271D1B710400D0E4C7 /* SDCollectionViewCell.m */,
				AB36CE281D1B710400D0E4C7 /* SDCycleScrollView.h */,
				AB36CE291D1B710400D0E4C7 /* SDCycleScrollView.m */,
				AB36CE2A1D1B710400D0E4C7 /* UIView+SDExtension.h */,
				AB36CE2B1D1B710400D0E4C7 /* UIView+SDExtension.m */,
			);
			path = SDCycleScrollView;
			sourceTree = "<group>";
		};
		AB36CE1D1D1B710400D0E4C7 /* PageControl */ = {
			isa = PBXGroup;
			children = (
				AB36CE1E1D1B710400D0E4C7 /* TAAbstractDotView.h */,
				AB36CE1F1D1B710400D0E4C7 /* TAAbstractDotView.m */,
				AB36CE201D1B710400D0E4C7 /* TAAnimatedDotView.h */,
				AB36CE211D1B710400D0E4C7 /* TAAnimatedDotView.m */,
				AB36CE221D1B710400D0E4C7 /* TADotView.h */,
				AB36CE231D1B710400D0E4C7 /* TADotView.m */,
				AB36CE241D1B710400D0E4C7 /* TAPageControl.h */,
				AB36CE251D1B710400D0E4C7 /* TAPageControl.m */,
			);
			path = PageControl;
			sourceTree = "<group>";
		};
		AB708F7D1D0543BE007D0B4D = {
			isa = PBXGroup;
			children = (
				AB708F881D0543BE007D0B4D /* FUYIFinance */,
				AB708FA21D0543BE007D0B4D /* FUYIFinanceTests */,
				AB708FAD1D0543BE007D0B4D /* FUYIFinanceUITests */,
				AB708F871D0543BE007D0B4D /* Products */,
				057C5D8A0E6308E6EB525BAB /* Pods */,
				0785EFAD9D8BC2ECCBC0C903 /* Frameworks */,
			);
			sourceTree = "<group>";
		};
		AB708F871D0543BE007D0B4D /* Products */ = {
			isa = PBXGroup;
			children = (
				AB708F861D0543BE007D0B4D /* FUYIFinance.app */,
				AB708F9F1D0543BE007D0B4D /* FUYIFinanceTests.xctest */,
				AB708FAA1D0543BE007D0B4D /* FUYIFinanceUITests.xctest */,
			);
			name = Products;
			sourceTree = "<group>";
		};
		AB708F881D0543BE007D0B4D /* FUYIFinance */ = {
			isa = PBXGroup;
			children = (
				ABF5DE331D0FA4B1007CE1AB /* AppDelegate */,
				ABF5DE341D0FA4B1007CE1AB /* Controllers */,
				ABF5DE391D0FA4B1007CE1AB /* Models */,
				ABF5DE3E1D0FA4B1007CE1AB /* Plist */,
				ABF5DE3F1D0FA4B1007CE1AB /* Resource */,
				ABF5DE401D0FA4B1007CE1AB /* Util */,
				ABF5DE411D0FA4B1007CE1AB /* Vendor */,
				ABF5DE421D0FA4B1007CE1AB /* Views */,
				AB708F8F1D0543BE007D0B4D /* ViewController.h */,
				AB708F901D0543BE007D0B4D /* ViewController.m */,
				AB708F951D0543BE007D0B4D /* Assets.xcassets */,
				AB708F9A1D0543BE007D0B4D /* Info.plist */,
				AB708F891D0543BE007D0B4D /* Supporting Files */,
			);
			path = FUYIFinance;
			sourceTree = "<group>";
		};
		AB708F891D0543BE007D0B4D /* Supporting Files */ = {
			isa = PBXGroup;
			children = (
				AB36CDC41D129CA600D0E4C7 /* FUYI-Prefix.pch */,
				AB708F8A1D0543BE007D0B4D /* main.m */,
			);
			name = "Supporting Files";
			sourceTree = "<group>";
		};
		AB708FA21D0543BE007D0B4D /* FUYIFinanceTests */ = {
			isa = PBXGroup;
			children = (
				AB708FA31D0543BE007D0B4D /* FUYIFinanceTests.m */,
				AB708FA51D0543BE007D0B4D /* Info.plist */,
			);
			path = FUYIFinanceTests;
			sourceTree = "<group>";
		};
		AB708FAD1D0543BE007D0B4D /* FUYIFinanceUITests */ = {
			isa = PBXGroup;
			children = (
				AB708FAE1D0543BE007D0B4D /* FUYIFinanceUITests.m */,
				AB708FB01D0543BE007D0B4D /* Info.plist */,
			);
			path = FUYIFinanceUITests;
			sourceTree = "<group>";
		};
		ABF5DE331D0FA4B1007CE1AB /* AppDelegate */ = {
			isa = PBXGroup;
			children = (
				AB708F8C1D0543BE007D0B4D /* AppDelegate.h */,
				AB708F8D1D0543BE007D0B4D /* AppDelegate.m */,
			);
			path = AppDelegate;
			sourceTree = "<group>";
		};
		ABF5DE341D0FA4B1007CE1AB /* Controllers */ = {
			isa = PBXGroup;
			children = (
				CC72D0211D225ADB00945BCF /* CustomerService */,
				AB36CDB41D1274E900D0E4C7 /* BaseViewControllers */,
				ABF5DE541D0FAFBE007CE1AB /* HomeTabbarController */,
				ABF5DE361D0FA4B1007CE1AB /* HomePage */,
				ABF5DE371D0FA4B1007CE1AB /* Mine */,
				ABF5DE381D0FA4B1007CE1AB /* ShopCar */,
			);
			path = Controllers;
			sourceTree = "<group>";
		};
		ABF5DE361D0FA4B1007CE1AB /* HomePage */ = {
			isa = PBXGroup;
			children = (
				AB36CDB81D1283AD00D0E4C7 /* HomePageViewController.h */,
				AB36CDB91D1283AD00D0E4C7 /* HomePageViewController.m */,
			);
			path = HomePage;
			sourceTree = "<group>";
		};
		ABF5DE371D0FA4B1007CE1AB /* Mine */ = {
			isa = PBXGroup;
			children = (
			);
			path = Mine;
			sourceTree = "<group>";
		};
		ABF5DE381D0FA4B1007CE1AB /* ShopCar */ = {
			isa = PBXGroup;
			children = (
				AB02D4AA1D2228F700AED400 /* ShopCarViewController.h */,
				AB02D4AB1D2228F700AED400 /* ShopCarViewController.m */,
			);
			path = ShopCar;
			sourceTree = "<group>";
		};
		ABF5DE391D0FA4B1007CE1AB /* Models */ = {
			isa = PBXGroup;
			children = (
				ABF5DE3A1D0FA4B1007CE1AB /* CustomerService */,
				ABF5DE3B1D0FA4B1007CE1AB /* HomePage */,
				ABF5DE3C1D0FA4B1007CE1AB /* Mine */,
				ABF5DE3D1D0FA4B1007CE1AB /* ShopCar */,
			);
			path = Models;
			sourceTree = "<group>";
		};
		ABF5DE3A1D0FA4B1007CE1AB /* CustomerService */ = {
			isa = PBXGroup;
			children = (
			);
			path = CustomerService;
			sourceTree = "<group>";
		};
		ABF5DE3B1D0FA4B1007CE1AB /* HomePage */ = {
			isa = PBXGroup;
			children = (
			);
			path = HomePage;
			sourceTree = "<group>";
		};
		ABF5DE3C1D0FA4B1007CE1AB /* Mine */ = {
			isa = PBXGroup;
			children = (
			);
			path = Mine;
			sourceTree = "<group>";
		};
		ABF5DE3D1D0FA4B1007CE1AB /* ShopCar */ = {
			isa = PBXGroup;
			children = (
			);
			path = ShopCar;
			sourceTree = "<group>";
		};
		ABF5DE3E1D0FA4B1007CE1AB /* Plist */ = {
			isa = PBXGroup;
			children = (
			);
			path = Plist;
			sourceTree = "<group>";
		};
		ABF5DE3F1D0FA4B1007CE1AB /* Resource */ = {
			isa = PBXGroup;
			children = (
				ABF5DE471D0FA51D007CE1AB /* Json */,
				ABF5DE481D0FA51D007CE1AB /* StoryBord */,
			);
			path = Resource;
			sourceTree = "<group>";
		};
		ABF5DE401D0FA4B1007CE1AB /* Util */ = {
			isa = PBXGroup;
			children = (
				D1C49AE61D22465E003C17DA /* Security */,
				AB36CDFF1D1A99DB00D0E4C7 /* Helper */,
				AB36CDC31D129C5D00D0E4C7 /* Marco.h */,
			);
			path = Util;
			sourceTree = "<group>";
		};
		ABF5DE411D0FA4B1007CE1AB /* Vendor */ = {
			isa = PBXGroup;
			children = (
				AB36CE1A1D1B710400D0E4C7 /* SDCycleScrollView */,
			);
			path = Vendor;
			sourceTree = "<group>";
		};
		ABF5DE421D0FA4B1007CE1AB /* Views */ = {
			isa = PBXGroup;
			children = (
				ABF5DE431D0FA4B1007CE1AB /* CustomerService */,
				ABF5DE441D0FA4B1007CE1AB /* HomePage */,
				ABF5DE451D0FA4B1007CE1AB /* Mine */,
				ABF5DE461D0FA4B1007CE1AB /* ShopCar */,
			);
			path = Views;
			sourceTree = "<group>";
		};
		ABF5DE431D0FA4B1007CE1AB /* CustomerService */ = {
			isa = PBXGroup;
			children = (
			);
			path = CustomerService;
			sourceTree = "<group>";
		};
		ABF5DE441D0FA4B1007CE1AB /* HomePage */ = {
			isa = PBXGroup;
			children = (
				AB36CE441D1CE72400D0E4C7 /* ThreeCollectionViewCell.h */,
				AB36CE451D1CE72400D0E4C7 /* ThreeCollectionViewCell.m */,
				AB36CE461D1CE72400D0E4C7 /* ThreeCollectionViewCell.xib */,
				AB36CE471D1CE72400D0E4C7 /* ThreeTableViewCell.h */,
				AB36CE481D1CE72400D0E4C7 /* ThreeTableViewCell.m */,
				AB36CE341D1B818300D0E4C7 /* HomepageHeaderTableViewCell.h */,
				AB36CE351D1B818300D0E4C7 /* HomepageHeaderTableViewCell.m */,
				AB36CE361D1B818300D0E4C7 /* HomepageHeaderTableViewCell.xib */,
				AB36CDBE1D128CF900D0E4C7 /* HomePageNavgationItem.h */,
				AB36CDBF1D128CF900D0E4C7 /* HomePageNavgationItem.m */,
				AB36CDC11D128D1900D0E4C7 /* HomePageNavgationItem.xib */,
				AB36CE391D1B88A600D0E4C7 /* HomePageHotNewTableViewCell.h */,
				AB36CE3A1D1B88A600D0E4C7 /* HomePageHotNewTableViewCell.m */,
				AB36CE3B1D1B88A600D0E4C7 /* HomePageHotNewTableViewCell.xib */,
				AB36CE3E1D1BC9C100D0E4C7 /* InvestCollectionViewTableViewCell.h */,
				AB36CE3F1D1BC9C100D0E4C7 /* InvestCollectionViewTableViewCell.m */,
				AB36CE411D1BE8FD00D0E4C7 /* InversetScrollView.h */,
				AB36CE421D1BE8FD00D0E4C7 /* InversetScrollView.m */,
			);
			path = HomePage;
			sourceTree = "<group>";
		};
		ABF5DE451D0FA4B1007CE1AB /* Mine */ = {
			isa = PBXGroup;
			children = (
			);
			path = Mine;
			sourceTree = "<group>";
		};
		ABF5DE461D0FA4B1007CE1AB /* ShopCar */ = {
			isa = PBXGroup;
			children = (
			);
			path = ShopCar;
			sourceTree = "<group>";
		};
		ABF5DE471D0FA51D007CE1AB /* Json */ = {
			isa = PBXGroup;
			children = (
				ABF5DE491D0FA58E007CE1AB /* HomeTabbars.json */,
			);
			path = Json;
			sourceTree = "<group>";
		};
		ABF5DE481D0FA51D007CE1AB /* StoryBord */ = {
			isa = PBXGroup;
			children = (
				AB708F921D0543BE007D0B4D /* Main.storyboard */,
				ABF5DE4B1D0FA7B9007CE1AB /* HomePage.storyboard */,
				ABF5DE4D1D0FA7EB007CE1AB /* CustomerService.storyboard */,
				ABF5DE4F1D0FA7FC007CE1AB /* ShopCar.storyboard */,
				ABF5DE511D0FA803007CE1AB /* Mine.storyboard */,
				AB708F971D0543BE007D0B4D /* LaunchScreen.storyboard */,
			);
			path = StoryBord;
			sourceTree = "<group>";
		};
		ABF5DE541D0FAFBE007CE1AB /* HomeTabbarController */ = {
			isa = PBXGroup;
			children = (
				ABF5DE551D0FD930007CE1AB /* HomeTabbarViewController.h */,
				ABF5DE561D0FD930007CE1AB /* HomeTabbarViewController.m */,
				AB36CE171D1A9A1700D0E4C7 /* GuideViewController.h */,
				AB36CE181D1A9A1700D0E4C7 /* GuideViewController.m */,
			);
			path = HomeTabbarController;
			sourceTree = "<group>";
		};
		CC72D0211D225ADB00945BCF /* CustomerService */ = {
			isa = PBXGroup;
			children = (
			);
			path = CustomerService;
			sourceTree = "<group>";
		};
		D1C49AE61D22465E003C17DA /* Security */ = {
			isa = PBXGroup;
			children = (
				D1C49AE71D22468A003C17DA /* StringEncryption.m */,
				D1C49AE81D22468A003C17DA /* StringEncryption.h */,
				D1C49AE91D22468A003C17DA /* SecurityUtil.m */,
				D1C49AEA1D22468A003C17DA /* NSString+URLEncoding.m */,
				D1C49AEB1D22468A003C17DA /* SecurityUtil.h */,
				D1C49AEC1D22468A003C17DA /* NSString+URLEncoding.h */,
				D1C49AED1D22468A003C17DA /* NSString+MD5.m */,
				D1C49AEE1D22468A003C17DA /* NSString+MD5.h */,
				D1C49AEF1D22468A003C17DA /* NSData+Base64.m */,
				D1C49AF01D22468A003C17DA /* NSData+Base64.h */,
				D1C49AF11D22468A003C17DA /* NSData+AES.m */,
				D1C49AF21D22468A003C17DA /* NSData+AES.h */,
				D1C49AF31D22468A003C17DA /* GTMDefines.h */,
				D1C49AF41D22468A003C17DA /* GTMBase64.m */,
				D1C49AF51D22468A003C17DA /* GTMBase64.h */,
			);
			name = Security;
			sourceTree = "<group>";
		};
/* End PBXGroup section */

/* Begin PBXNativeTarget section */
		AB708F851D0543BE007D0B4D /* FUYIFinance */ = {
			isa = PBXNativeTarget;
			buildConfigurationList = AB708FB31D0543BE007D0B4D /* Build configuration list for PBXNativeTarget "FUYIFinance" */;
			buildPhases = (
				F8E1F81CE42301BF48D5B299 /* 📦 Check Pods Manifest.lock */,
				AB708F821D0543BE007D0B4D /* Sources */,
				AB708F831D0543BE007D0B4D /* Frameworks */,
				AB708F841D0543BE007D0B4D /* Resources */,
				2D5F3A3F8E85A6B9AA6C1BBD /* 📦 Embed Pods Frameworks */,
				84EF5DA7F428315A8499869B /* 📦 Copy Pods Resources */,
			);
			buildRules = (
			);
			dependencies = (
			);
			name = FUYIFinance;
			productName = FUYIFinance;
			productReference = AB708F861D0543BE007D0B4D /* FUYIFinance.app */;
			productType = "com.apple.product-type.application";
		};
		AB708F9E1D0543BE007D0B4D /* FUYIFinanceTests */ = {
			isa = PBXNativeTarget;
			buildConfigurationList = AB708FB61D0543BE007D0B4D /* Build configuration list for PBXNativeTarget "FUYIFinanceTests" */;
			buildPhases = (
				AB708F9B1D0543BE007D0B4D /* Sources */,
				AB708F9C1D0543BE007D0B4D /* Frameworks */,
				AB708F9D1D0543BE007D0B4D /* Resources */,
			);
			buildRules = (
			);
			dependencies = (
				AB708FA11D0543BE007D0B4D /* PBXTargetDependency */,
			);
			name = FUYIFinanceTests;
			productName = FUYIFinanceTests;
			productReference = AB708F9F1D0543BE007D0B4D /* FUYIFinanceTests.xctest */;
			productType = "com.apple.product-type.bundle.unit-test";
		};
		AB708FA91D0543BE007D0B4D /* FUYIFinanceUITests */ = {
			isa = PBXNativeTarget;
			buildConfigurationList = AB708FB91D0543BE007D0B4D /* Build configuration list for PBXNativeTarget "FUYIFinanceUITests" */;
			buildPhases = (
				AB708FA61D0543BE007D0B4D /* Sources */,
				AB708FA71D0543BE007D0B4D /* Frameworks */,
				AB708FA81D0543BE007D0B4D /* Resources */,
			);
			buildRules = (
			);
			dependencies = (
				AB708FAC1D0543BE007D0B4D /* PBXTargetDependency */,
			);
			name = FUYIFinanceUITests;
			productName = FUYIFinanceUITests;
			productReference = AB708FAA1D0543BE007D0B4D /* FUYIFinanceUITests.xctest */;
			productType = "com.apple.product-type.bundle.ui-testing";
		};
/* End PBXNativeTarget section */

/* Begin PBXProject section */
		AB708F7E1D0543BE007D0B4D /* Project object */ = {
			isa = PBXProject;
			attributes = {
				LastUpgradeCheck = 0730;
				ORGANIZATIONNAME = youyou;
				TargetAttributes = {
					AB708F851D0543BE007D0B4D = {
						CreatedOnToolsVersion = 7.3;
					};
					AB708F9E1D0543BE007D0B4D = {
						CreatedOnToolsVersion = 7.3;
						TestTargetID = AB708F851D0543BE007D0B4D;
					};
					AB708FA91D0543BE007D0B4D = {
						CreatedOnToolsVersion = 7.3;
						TestTargetID = AB708F851D0543BE007D0B4D;
					};
				};
			};
			buildConfigurationList = AB708F811D0543BE007D0B4D /* Build configuration list for PBXProject "FUYIFinance" */;
			compatibilityVersion = "Xcode 3.2";
			developmentRegion = English;
			hasScannedForEncodings = 0;
			knownRegions = (
				en,
				Base,
			);
			mainGroup = AB708F7D1D0543BE007D0B4D;
			productRefGroup = AB708F871D0543BE007D0B4D /* Products */;
			projectDirPath = "";
			projectRoot = "";
			targets = (
				AB708F851D0543BE007D0B4D /* FUYIFinance */,
				AB708F9E1D0543BE007D0B4D /* FUYIFinanceTests */,
				AB708FA91D0543BE007D0B4D /* FUYIFinanceUITests */,
			);
		};
/* End PBXProject section */

/* Begin PBXResourcesBuildPhase section */
		AB708F841D0543BE007D0B4D /* Resources */ = {
			isa = PBXResourcesBuildPhase;
			buildActionMask = 2147483647;
			files = (
				AB36CE381D1B818300D0E4C7 /* HomepageHeaderTableViewCell.xib in Resources */,
				ABF5DE4E1D0FA7EB007CE1AB /* CustomerService.storyboard in Resources */,
				ABF5DE4C1D0FA7B9007CE1AB /* HomePage.storyboard in Resources */,
				AB36CE4A1D1CE72400D0E4C7 /* ThreeCollectionViewCell.xib in Resources */,
				ABF5DE4A1D0FA58E007CE1AB /* HomeTabbars.json in Resources */,
				AB708F991D0543BE007D0B4D /* LaunchScreen.storyboard in Resources */,
				AB36CDC21D128D1900D0E4C7 /* HomePageNavgationItem.xib in Resources */,
				AB708F961D0543BE007D0B4D /* Assets.xcassets in Resources */,
				AB36CE3D1D1B88A600D0E4C7 /* HomePageHotNewTableViewCell.xib in Resources */,
				ABF5DE501D0FA7FC007CE1AB /* ShopCar.storyboard in Resources */,
				AB708F941D0543BE007D0B4D /* Main.storyboard in Resources */,
				ABF5DE521D0FA803007CE1AB /* Mine.storyboard in Resources */,
			);
			runOnlyForDeploymentPostprocessing = 0;
		};
		AB708F9D1D0543BE007D0B4D /* Resources */ = {
			isa = PBXResourcesBuildPhase;
			buildActionMask = 2147483647;
			files = (
			);
			runOnlyForDeploymentPostprocessing = 0;
		};
		AB708FA81D0543BE007D0B4D /* Resources */ = {
			isa = PBXResourcesBuildPhase;
			buildActionMask = 2147483647;
			files = (
			);
			runOnlyForDeploymentPostprocessing = 0;
		};
/* End PBXResourcesBuildPhase section */

/* Begin PBXShellScriptBuildPhase section */
		2D5F3A3F8E85A6B9AA6C1BBD /* 📦 Embed Pods Frameworks */ = {
			isa = PBXShellScriptBuildPhase;
			buildActionMask = 2147483647;
			files = (
			);
			inputPaths = (
			);
			name = "📦 Embed Pods Frameworks";
			outputPaths = (
			);
			runOnlyForDeploymentPostprocessing = 0;
			shellPath = /bin/sh;
			shellScript = "\"${SRCROOT}/Pods/Target Support Files/Pods-FUYIFinance/Pods-FUYIFinance-frameworks.sh\"\n";
			showEnvVarsInLog = 0;
		};
		84EF5DA7F428315A8499869B /* 📦 Copy Pods Resources */ = {
			isa = PBXShellScriptBuildPhase;
			buildActionMask = 2147483647;
			files = (
			);
			inputPaths = (
			);
			name = "📦 Copy Pods Resources";
			outputPaths = (
			);
			runOnlyForDeploymentPostprocessing = 0;
			shellPath = /bin/sh;
			shellScript = "\"${SRCROOT}/Pods/Target Support Files/Pods-FUYIFinance/Pods-FUYIFinance-resources.sh\"\n";
			showEnvVarsInLog = 0;
		};
		F8E1F81CE42301BF48D5B299 /* 📦 Check Pods Manifest.lock */ = {
			isa = PBXShellScriptBuildPhase;
			buildActionMask = 2147483647;
			files = (
			);
			inputPaths = (
			);
			name = "📦 Check Pods Manifest.lock";
			outputPaths = (
			);
			runOnlyForDeploymentPostprocessing = 0;
			shellPath = /bin/sh;
			shellScript = "diff \"${PODS_ROOT}/../Podfile.lock\" \"${PODS_ROOT}/Manifest.lock\" > /dev/null\nif [[ $? != 0 ]] ; then\n    cat << EOM\nerror: The sandbox is not in sync with the Podfile.lock. Run 'pod install' or update your CocoaPods installation.\nEOM\n    exit 1\nfi\n";
			showEnvVarsInLog = 0;
		};
/* End PBXShellScriptBuildPhase section */

/* Begin PBXSourcesBuildPhase section */
		AB708F821D0543BE007D0B4D /* Sources */ = {
			isa = PBXSourcesBuildPhase;
			buildActionMask = 2147483647;
			files = (
				AB36CE2E1D1B710400D0E4C7 /* TAAnimatedDotView.m in Sources */,
				AB708F911D0543BE007D0B4D /* ViewController.m in Sources */,
				AB36CE371D1B818300D0E4C7 /* HomepageHeaderTableViewCell.m in Sources */,
				AB36CE431D1BE8FD00D0E4C7 /* InversetScrollView.m in Sources */,
				AB36CDB71D12773400D0E4C7 /* BaseViewController.m in Sources */,
				D1C49AFB1D22468A003C17DA /* NSData+AES.m in Sources */,
				AB36CE491D1CE72400D0E4C7 /* ThreeCollectionViewCell.m in Sources */,
				D1C49AFC1D22468A003C17DA /* GTMBase64.m in Sources */,
				AB36CE331D1B710400D0E4C7 /* UIView+SDExtension.m in Sources */,
				AB36CDC01D128CF900D0E4C7 /* HomePageNavgationItem.m in Sources */,
				AB36CDFE1D1A996900D0E4C7 /* Tools.m in Sources */,
				AB36CE2F1D1B710400D0E4C7 /* TADotView.m in Sources */,
				AB02D4AC1D2228F800AED400 /* ShopCarViewController.m in Sources */,
				AB36CE311D1B710400D0E4C7 /* SDCollectionViewCell.m in Sources */,
				AB36CE4B1D1CE72400D0E4C7 /* ThreeTableViewCell.m in Sources */,
				AB36CE3C1D1B88A600D0E4C7 /* HomePageHotNewTableViewCell.m in Sources */,
				D1C49AF71D22468A003C17DA /* SecurityUtil.m in Sources */,
				AB36CDBA1D1283AD00D0E4C7 /* HomePageViewController.m in Sources */,
				AB36CE401D1BC9C100D0E4C7 /* InvestCollectionViewTableViewCell.m in Sources */,
				D1C49AFA1D22468A003C17DA /* NSData+Base64.m in Sources */,
				D1C49AF61D22468A003C17DA /* StringEncryption.m in Sources */,
				ABF5DE571D0FD930007CE1AB /* HomeTabbarViewController.m in Sources */,
				AB708F8E1D0543BE007D0B4D /* AppDelegate.m in Sources */,
				AB36CE301D1B710400D0E4C7 /* TAPageControl.m in Sources */,
				D1C49AF91D22468A003C17DA /* NSString+MD5.m in Sources */,
				AB36CE2D1D1B710400D0E4C7 /* TAAbstractDotView.m in Sources */,
				AB36CE321D1B710400D0E4C7 /* SDCycleScrollView.m in Sources */,
				AB36CE2C1D1B710400D0E4C7 /* NSData+SDDataCache.m in Sources */,
				AB36CE191D1A9A1700D0E4C7 /* GuideViewController.m in Sources */,
				AB708F8B1D0543BE007D0B4D /* main.m in Sources */,
			);
			runOnlyForDeploymentPostprocessing = 0;
		};
		AB708F9B1D0543BE007D0B4D /* Sources */ = {
			isa = PBXSourcesBuildPhase;
			buildActionMask = 2147483647;
			files = (
				AB708FA41D0543BE007D0B4D /* FUYIFinanceTests.m in Sources */,
			);
			runOnlyForDeploymentPostprocessing = 0;
		};
		AB708FA61D0543BE007D0B4D /* Sources */ = {
			isa = PBXSourcesBuildPhase;
			buildActionMask = 2147483647;
			files = (
				AB708FAF1D0543BE007D0B4D /* FUYIFinanceUITests.m in Sources */,
			);
			runOnlyForDeploymentPostprocessing = 0;
		};
/* End PBXSourcesBuildPhase section */

/* Begin PBXTargetDependency section */
		AB708FA11D0543BE007D0B4D /* PBXTargetDependency */ = {
			isa = PBXTargetDependency;
			target = AB708F851D0543BE007D0B4D /* FUYIFinance */;
			targetProxy = AB708FA01D0543BE007D0B4D /* PBXContainerItemProxy */;
		};
		AB708FAC1D0543BE007D0B4D /* PBXTargetDependency */ = {
			isa = PBXTargetDependency;
			target = AB708F851D0543BE007D0B4D /* FUYIFinance */;
			targetProxy = AB708FAB1D0543BE007D0B4D /* PBXContainerItemProxy */;
		};
/* End PBXTargetDependency section */

/* Begin PBXVariantGroup section */
		AB708F921D0543BE007D0B4D /* Main.storyboard */ = {
			isa = PBXVariantGroup;
			children = (
				AB708F931D0543BE007D0B4D /* Base */,
			);
			name = Main.storyboard;
			path = ../..;
			sourceTree = "<group>";
		};
		AB708F971D0543BE007D0B4D /* LaunchScreen.storyboard */ = {
			isa = PBXVariantGroup;
			children = (
				AB708F981D0543BE007D0B4D /* Base */,
			);
			name = LaunchScreen.storyboard;
			path = ../..;
			sourceTree = "<group>";
		};
/* End PBXVariantGroup section */

/* Begin XCBuildConfiguration section */
		AB708FB11D0543BE007D0B4D /* Debug */ = {
			isa = XCBuildConfiguration;
			buildSettings = {
				ALWAYS_SEARCH_USER_PATHS = NO;
				CLANG_ANALYZER_NONNULL = YES;
				CLANG_CXX_LANGUAGE_STANDARD = "gnu++0x";
				CLANG_CXX_LIBRARY = "libc++";
				CLANG_ENABLE_MODULES = YES;
				CLANG_ENABLE_OBJC_ARC = YES;
				CLANG_WARN_BOOL_CONVERSION = YES;
				CLANG_WARN_CONSTANT_CONVERSION = YES;
				CLANG_WARN_DIRECT_OBJC_ISA_USAGE = YES_ERROR;
				CLANG_WARN_EMPTY_BODY = YES;
				CLANG_WARN_ENUM_CONVERSION = YES;
				CLANG_WARN_INT_CONVERSION = YES;
				CLANG_WARN_OBJC_ROOT_CLASS = YES_ERROR;
				CLANG_WARN_UNREACHABLE_CODE = YES;
				CLANG_WARN__DUPLICATE_METHOD_MATCH = YES;
				"CODE_SIGN_IDENTITY[sdk=iphoneos*]" = "iPhone Developer";
				COPY_PHASE_STRIP = NO;
				DEBUG_INFORMATION_FORMAT = dwarf;
				ENABLE_STRICT_OBJC_MSGSEND = YES;
				ENABLE_TESTABILITY = YES;
				GCC_C_LANGUAGE_STANDARD = gnu99;
				GCC_DYNAMIC_NO_PIC = NO;
				GCC_NO_COMMON_BLOCKS = YES;
				GCC_OPTIMIZATION_LEVEL = 0;
				GCC_PREPROCESSOR_DEFINITIONS = (
					"DEBUG=1",
					"$(inherited)",
				);
				GCC_WARN_64_TO_32_BIT_CONVERSION = YES;
				GCC_WARN_ABOUT_RETURN_TYPE = YES_ERROR;
				GCC_WARN_UNDECLARED_SELECTOR = YES;
				GCC_WARN_UNINITIALIZED_AUTOS = YES_AGGRESSIVE;
				GCC_WARN_UNUSED_FUNCTION = YES;
				GCC_WARN_UNUSED_VARIABLE = YES;
				IPHONEOS_DEPLOYMENT_TARGET = 9.3;
				MTL_ENABLE_DEBUG_INFO = YES;
				ONLY_ACTIVE_ARCH = YES;
				SDKROOT = iphoneos;
				TARGETED_DEVICE_FAMILY = "1,2";
			};
			name = Debug;
		};
		AB708FB21D0543BE007D0B4D /* Release */ = {
			isa = XCBuildConfiguration;
			buildSettings = {
				ALWAYS_SEARCH_USER_PATHS = NO;
				CLANG_ANALYZER_NONNULL = YES;
				CLANG_CXX_LANGUAGE_STANDARD = "gnu++0x";
				CLANG_CXX_LIBRARY = "libc++";
				CLANG_ENABLE_MODULES = YES;
				CLANG_ENABLE_OBJC_ARC = YES;
				CLANG_WARN_BOOL_CONVERSION = YES;
				CLANG_WARN_CONSTANT_CONVERSION = YES;
				CLANG_WARN_DIRECT_OBJC_ISA_USAGE = YES_ERROR;
				CLANG_WARN_EMPTY_BODY = YES;
				CLANG_WARN_ENUM_CONVERSION = YES;
				CLANG_WARN_INT_CONVERSION = YES;
				CLANG_WARN_OBJC_ROOT_CLASS = YES_ERROR;
				CLANG_WARN_UNREACHABLE_CODE = YES;
				CLANG_WARN__DUPLICATE_METHOD_MATCH = YES;
				"CODE_SIGN_IDENTITY[sdk=iphoneos*]" = "iPhone Developer";
				COPY_PHASE_STRIP = NO;
				DEBUG_INFORMATION_FORMAT = "dwarf-with-dsym";
				ENABLE_NS_ASSERTIONS = NO;
				ENABLE_STRICT_OBJC_MSGSEND = YES;
				GCC_C_LANGUAGE_STANDARD = gnu99;
				GCC_NO_COMMON_BLOCKS = YES;
				GCC_WARN_64_TO_32_BIT_CONVERSION = YES;
				GCC_WARN_ABOUT_RETURN_TYPE = YES_ERROR;
				GCC_WARN_UNDECLARED_SELECTOR = YES;
				GCC_WARN_UNINITIALIZED_AUTOS = YES_AGGRESSIVE;
				GCC_WARN_UNUSED_FUNCTION = YES;
				GCC_WARN_UNUSED_VARIABLE = YES;
				IPHONEOS_DEPLOYMENT_TARGET = 9.3;
				MTL_ENABLE_DEBUG_INFO = NO;
				SDKROOT = iphoneos;
				TARGETED_DEVICE_FAMILY = "1,2";
				VALIDATE_PRODUCT = YES;
			};
			name = Release;
		};
		AB708FB41D0543BE007D0B4D /* Debug */ = {
			isa = XCBuildConfiguration;
			baseConfigurationReference = FA5515060D58FFB367588DFA /* Pods-FUYIFinance.debug.xcconfig */;
			buildSettings = {
				ASSETCATALOG_COMPILER_APPICON_NAME = AppIcon;
				GCC_PREFIX_HEADER = "$(SRCROOT)/FUYIFinance/FUYI-Prefix.pch";
				INFOPLIST_FILE = FUYIFinance/Info.plist;
				IPHONEOS_DEPLOYMENT_TARGET = 9.1;
				LD_RUNPATH_SEARCH_PATHS = "$(inherited) @executable_path/Frameworks";
				LIBRARY_SEARCH_PATHS = (
					"$(inherited)",
					"$(PROJECT_DIR)",
				);
				PRODUCT_BUNDLE_IDENTIFIER = com.youyou.FUYIFinance;
				PRODUCT_NAME = "$(TARGET_NAME)";
			};
			name = Debug;
		};
		AB708FB51D0543BE007D0B4D /* Release */ = {
			isa = XCBuildConfiguration;
			baseConfigurationReference = 0CE31DB59572E865FDE98F3A /* Pods-FUYIFinance.release.xcconfig */;
			buildSettings = {
				ASSETCATALOG_COMPILER_APPICON_NAME = AppIcon;
				GCC_PREFIX_HEADER = "$(SRCROOT)/FUYIFinance/FUYI-Prefix.pch";
				INFOPLIST_FILE = FUYIFinance/Info.plist;
				IPHONEOS_DEPLOYMENT_TARGET = 9.1;
				LD_RUNPATH_SEARCH_PATHS = "$(inherited) @executable_path/Frameworks";
				LIBRARY_SEARCH_PATHS = (
					"$(inherited)",
					"$(PROJECT_DIR)",
				);
				PRODUCT_BUNDLE_IDENTIFIER = com.youyou.FUYIFinance;
				PRODUCT_NAME = "$(TARGET_NAME)";
			};
			name = Release;
		};
		AB708FB71D0543BE007D0B4D /* Debug */ = {
			isa = XCBuildConfiguration;
			buildSettings = {
				BUNDLE_LOADER = "$(TEST_HOST)";
				INFOPLIST_FILE = FUYIFinanceTests/Info.plist;
				LD_RUNPATH_SEARCH_PATHS = "$(inherited) @executable_path/Frameworks @loader_path/Frameworks";
				PRODUCT_BUNDLE_IDENTIFIER = com.youyou.FUYIFinanceTests;
				PRODUCT_NAME = "$(TARGET_NAME)";
				TEST_HOST = "$(BUILT_PRODUCTS_DIR)/FUYIFinance.app/FUYIFinance";
			};
			name = Debug;
		};
		AB708FB81D0543BE007D0B4D /* Release */ = {
			isa = XCBuildConfiguration;
			buildSettings = {
				BUNDLE_LOADER = "$(TEST_HOST)";
				INFOPLIST_FILE = FUYIFinanceTests/Info.plist;
				LD_RUNPATH_SEARCH_PATHS = "$(inherited) @executable_path/Frameworks @loader_path/Frameworks";
				PRODUCT_BUNDLE_IDENTIFIER = com.youyou.FUYIFinanceTests;
				PRODUCT_NAME = "$(TARGET_NAME)";
				TEST_HOST = "$(BUILT_PRODUCTS_DIR)/FUYIFinance.app/FUYIFinance";
			};
			name = Release;
		};
		AB708FBA1D0543BE007D0B4D /* Debug */ = {
			isa = XCBuildConfiguration;
			buildSettings = {
				INFOPLIST_FILE = FUYIFinanceUITests/Info.plist;
				LD_RUNPATH_SEARCH_PATHS = "$(inherited) @executable_path/Frameworks @loader_path/Frameworks";
				PRODUCT_BUNDLE_IDENTIFIER = com.youyou.FUYIFinanceUITests;
				PRODUCT_NAME = "$(TARGET_NAME)";
				TEST_TARGET_NAME = FUYIFinance;
			};
			name = Debug;
		};
		AB708FBB1D0543BE007D0B4D /* Release */ = {
			isa = XCBuildConfiguration;
			buildSettings = {
				INFOPLIST_FILE = FUYIFinanceUITests/Info.plist;
				LD_RUNPATH_SEARCH_PATHS = "$(inherited) @executable_path/Frameworks @loader_path/Frameworks";
				PRODUCT_BUNDLE_IDENTIFIER = com.youyou.FUYIFinanceUITests;
				PRODUCT_NAME = "$(TARGET_NAME)";
				TEST_TARGET_NAME = FUYIFinance;
			};
			name = Release;
		};
/* End XCBuildConfiguration section */

/* Begin XCConfigurationList section */
		AB708F811D0543BE007D0B4D /* Build configuration list for PBXProject "FUYIFinance" */ = {
			isa = XCConfigurationList;
			buildConfigurations = (
				AB708FB11D0543BE007D0B4D /* Debug */,
				AB708FB21D0543BE007D0B4D /* Release */,
			);
			defaultConfigurationIsVisible = 0;
			defaultConfigurationName = Release;
		};
		AB708FB31D0543BE007D0B4D /* Build configuration list for PBXNativeTarget "FUYIFinance" */ = {
			isa = XCConfigurationList;
			buildConfigurations = (
				AB708FB41D0543BE007D0B4D /* Debug */,
				AB708FB51D0543BE007D0B4D /* Release */,
			);
			defaultConfigurationIsVisible = 0;
			defaultConfigurationName = Release;
		};
		AB708FB61D0543BE007D0B4D /* Build configuration list for PBXNativeTarget "FUYIFinanceTests" */ = {
			isa = XCConfigurationList;
			buildConfigurations = (
				AB708FB71D0543BE007D0B4D /* Debug */,
				AB708FB81D0543BE007D0B4D /* Release */,
			);
			defaultConfigurationIsVisible = 0;
			defaultConfigurationName = Release;
		};
		AB708FB91D0543BE007D0B4D /* Build configuration list for PBXNativeTarget "FUYIFinanceUITests" */ = {
			isa = XCConfigurationList;
			buildConfigurations = (
				AB708FBA1D0543BE007D0B4D /* Debug */,
				AB708FBB1D0543BE007D0B4D /* Release */,
			);
			defaultConfigurationIsVisible = 0;
			defaultConfigurationName = Release;
		};
/* End XCConfigurationList section */
	};
	rootObject = AB708F7E1D0543BE007D0B4D /* Project object */;
}
